{
  "version": 4,
  "terraform_version": "1.10.5",
  "serial": 315,
  "lineage": "58ff58c4-febb-24d3-3dea-9d9cddda5d2e",
  "outputs": {
    "agw_ips": {
      "value": "4.206.181.249",
      "type": "string"
    },
    "websites_fqdns": {
      "value": [
        "ibra-53-fe-app-ibrahim-221.azurewebsites.net",
        "ibra-53-be-app-ibrahim-221.azurewebsites.net"
      ],
      "type": [
        "tuple",
        [
          "string",
          "string"
        ]
      ]
    }
  },
  "resources": [
    {
      "module": "module.appgw",
      "mode": "managed",
      "type": "azurerm_public_ip",
      "name": "agw_pip",
      "provider": "provider[\"registry.terraform.io/hashicorp/azurerm\"]",
      "instances": [
        {
          "schema_version": 0,
          "attributes": {
            "allocation_method": "Static",
            "ddos_protection_mode": "VirtualNetworkInherited",
            "ddos_protection_plan_id": null,
            "domain_name_label": null,
            "domain_name_label_scope": null,
            "edge_zone": "",
            "fqdn": null,
            "id": "/subscriptions/4421688c-0a8d-4588-8dd0-338c5271d0af/resourceGroups/ibra-new22/providers/Microsoft.Network/publicIPAddresses/ibra-53-agw-pip-ibrahim-221",
            "idle_timeout_in_minutes": 4,
            "ip_address": "4.206.181.249",
            "ip_tags": null,
            "ip_version": "IPv4",
            "location": "canadacentral",
            "name": "ibra-53-agw-pip-ibrahim-221",
            "public_ip_prefix_id": null,
            "resource_group_name": "ibra-new22",
            "reverse_fqdn": null,
            "sku": "Standard",
            "sku_tier": "Regional",
            "tags": null,
            "timeouts": null,
            "zones": null
          },
          "sensitive_attributes": [],
          "private": "eyJlMmJmYjczMC1lY2FhLTExZTYtOGY4OC0zNDM2M2JjN2M0YzAiOnsiY3JlYXRlIjoxODAwMDAwMDAwMDAwLCJkZWxldGUiOjE4MDAwMDAwMDAwMDAsInJlYWQiOjMwMDAwMDAwMDAwMCwidXBkYXRlIjoxODAwMDAwMDAwMDAwfX0=",
          "dependencies": [
            "module.resourcegroups.azurerm_resource_group.main-rg"
          ]
        }
      ]
    },
    {
      "module": "module.appservice",
      "mode": "managed",
      "type": "azurerm_linux_web_app",
      "name": "be_app",
      "provider": "provider[\"registry.terraform.io/hashicorp/azurerm\"]",
      "instances": []
    },
    {
      "module": "module.appservice",
      "mode": "managed",
      "type": "azurerm_linux_web_app",
      "name": "fe_app",
      "provider": "provider[\"registry.terraform.io/hashicorp/azurerm\"]",
      "instances": [
        {
          "schema_version": 1,
          "attributes": {
            "app_settings": {
              "VITE_API_BASE_URL": "http://4.206.181.249"
            },
            "auth_settings": [],
            "auth_settings_v2": [],
            "backup": [],
            "client_affinity_enabled": false,
            "client_certificate_enabled": false,
            "client_certificate_exclusion_paths": "",
            "client_certificate_mode": "Required",
            "connection_string": [],
            "custom_domain_verification_id": "C5629A918A3FA55FF147545881A75721689136F00C9C862C48493941404CBD3C",
            "default_hostname": "ibra-53-fe-app-ibrahim-221.azurewebsites.net",
            "enabled": true,
            "ftp_publish_basic_authentication_enabled": true,
            "hosting_environment_id": "",
            "https_only": false,
            "id": "/subscriptions/4421688c-0a8d-4588-8dd0-338c5271d0af/resourceGroups/ibra-new22/providers/Microsoft.Web/sites/ibra-53-fe-app-ibrahim-221",
            "identity": [],
            "key_vault_reference_identity_id": "SystemAssigned",
            "kind": "app,linux,container",
            "location": "canadacentral",
            "logs": [],
            "name": "ibra-53-fe-app-ibrahim-221",
            "outbound_ip_address_list": [
              "20.48.175.95",
              "4.174.197.77",
              "4.174.197.156",
              "130.107.183.10",
              "130.107.201.113",
              "130.107.162.237",
              "52.228.84.40"
            ],
            "outbound_ip_addresses": "20.48.175.95,4.174.197.77,4.174.197.156,130.107.183.10,130.107.201.113,130.107.162.237,52.228.84.40",
            "possible_outbound_ip_address_list": [
              "4.174.214.30",
              "130.107.227.211",
              "130.107.233.97",
              "130.107.27.98",
              "4.174.214.36",
              "4.174.198.207",
              "130.107.16.165",
              "4.174.225.104",
              "130.107.212.5",
              "4.174.228.13",
              "130.107.152.142",
              "4.248.192.55",
              "4.174.212.232",
              "130.107.162.68",
              "130.107.210.163",
              "130.107.227.5",
              "130.107.8.56",
              "130.107.219.19",
              "130.107.227.33",
              "130.107.20.15",
              "130.107.210.177",
              "130.107.239.248",
              "130.107.201.97",
              "130.107.8.114",
              "20.48.175.95",
              "4.174.197.77",
              "4.174.197.156",
              "130.107.183.10",
              "130.107.201.113",
              "130.107.162.237",
              "52.237.50.236",
              "130.107.169.156",
              "52.237.51.24",
              "130.107.164.165",
              "130.107.27.113",
              "130.107.33.5",
              "52.228.84.40"
            ],
            "possible_outbound_ip_addresses": "4.174.214.30,130.107.227.211,130.107.233.97,130.107.27.98,4.174.214.36,4.174.198.207,130.107.16.165,4.174.225.104,130.107.212.5,4.174.228.13,130.107.152.142,4.248.192.55,4.174.212.232,130.107.162.68,130.107.210.163,130.107.227.5,130.107.8.56,130.107.219.19,130.107.227.33,130.107.20.15,130.107.210.177,130.107.239.248,130.107.201.97,130.107.8.114,20.48.175.95,4.174.197.77,4.174.197.156,130.107.183.10,130.107.201.113,130.107.162.237,52.237.50.236,130.107.169.156,52.237.51.24,130.107.164.165,130.107.27.113,130.107.33.5,52.228.84.40",
            "public_network_access_enabled": true,
            "resource_group_name": "ibra-new22",
            "service_plan_id": "/subscriptions/4421688c-0a8d-4588-8dd0-338c5271d0af/resourceGroups/ibra-new22/providers/Microsoft.Web/serverFarms/ibra-53-fe-service-plan-ibrahim-221",
            "site_config": [
              {
                "always_on": true,
                "api_definition_url": "",
                "api_management_api_id": "",
                "app_command_line": "",
                "application_stack": [
                  {
                    "docker_image_name": "fuzz2/frontend-image-p2:latest",
                    "docker_registry_password": "",
                    "docker_registry_url": "",
                    "docker_registry_username": "",
                    "dotnet_version": "",
                    "go_version": "",
                    "java_server": "",
                    "java_server_version": "",
                    "java_version": "",
                    "node_version": "",
                    "php_version": "",
                    "python_version": "",
                    "ruby_version": ""
                  }
                ],
                "auto_heal_setting": [],
                "container_registry_managed_identity_client_id": "",
                "container_registry_use_managed_identity": false,
                "cors": [],
                "default_documents": [
                  "Default.htm",
                  "Default.html",
                  "Default.asp",
                  "index.htm",
                  "index.html",
                  "iisstart.htm",
                  "default.aspx",
                  "index.php",
                  "hostingstart.html"
                ],
                "detailed_error_logging_enabled": false,
                "ftps_state": "Disabled",
                "health_check_eviction_time_in_min": 5,
                "health_check_path": "/health",
                "http2_enabled": false,
                "ip_restriction": [
                  {
                    "action": "Allow",
                    "description": "",
                    "headers": null,
                    "ip_address": "",
                    "name": "allow-agw",
                    "priority": 100,
                    "service_tag": "",
                    "virtual_network_subnet_id": "/subscriptions/4421688c-0a8d-4588-8dd0-338c5271d0af/resourceGroups/ibra-new22/providers/Microsoft.Network/virtualNetworks/ibra-53-vnet-ibrahim-221/subnets/agw-subnet-public1"
                  },
                  {
                    "action": "Deny",
                    "description": "",
                    "headers": null,
                    "ip_address": "0.0.0.0/0",
                    "name": "deny-all",
                    "priority": 200,
                    "service_tag": "",
                    "virtual_network_subnet_id": ""
                  }
                ],
                "ip_restriction_default_action": "Allow",
                "linux_fx_version": "DOCKER|/fuzz2/frontend-image-p2:latest",
                "load_balancing_mode": "LeastRequests",
                "local_mysql_enabled": false,
                "managed_pipeline_mode": "Integrated",
                "minimum_tls_version": "1.2",
                "remote_debugging_enabled": false,
                "remote_debugging_version": "VS2022",
                "scm_ip_restriction": [],
                "scm_ip_restriction_default_action": "Allow",
                "scm_minimum_tls_version": "1.2",
                "scm_type": "None",
                "scm_use_main_ip_restriction": false,
                "use_32_bit_worker": true,
                "vnet_route_all_enabled": false,
                "websockets_enabled": false,
                "worker_count": 1
              }
            ],
            "site_credential": [
              {
                "name": "$ibra-53-fe-app-ibrahim-221",
                "password": "69gRbh4as372Nl4wds7HRaZFzM2xZq7gBlqpBNLNpwwb3tEtCqytz03176gW"
              }
            ],
            "sticky_settings": [],
            "storage_account": [],
            "tags": null,
            "timeouts": null,
            "virtual_network_backup_restore_enabled": false,
            "virtual_network_subnet_id": "/subscriptions/4421688c-0a8d-4588-8dd0-338c5271d0af/resourceGroups/ibra-new22/providers/Microsoft.Network/virtualNetworks/ibra-53-vnet-ibrahim-221/subnets/fe-subnet-private1",
            "vnet_image_pull_enabled": false,
            "webdeploy_publish_basic_authentication_enabled": true,
            "zip_deploy_file": ""
          },
          "sensitive_attributes": [
            [
              {
                "type": "get_attr",
                "value": "site_config"
              },
              {
                "type": "index",
                "value": {
                  "value": 0,
                  "type": "number"
                }
              },
              {
                "type": "get_attr",
                "value": "application_stack"
              },
              {
                "type": "index",
                "value": {
                  "value": 0,
                  "type": "number"
                }
              },
              {
                "type": "get_attr",
                "value": "docker_registry_password"
              }
            ],
            [
              {
                "type": "get_attr",
                "value": "custom_domain_verification_id"
              }
            ],
            [
              {
                "type": "get_attr",
                "value": "site_credential"
              }
            ]
          ],
          "private": "eyJlMmJmYjczMC1lY2FhLTExZTYtOGY4OC0zNDM2M2JjN2M0YzAiOnsiY3JlYXRlIjoxODAwMDAwMDAwMDAwLCJkZWxldGUiOjE4MDAwMDAwMDAwMDAsInJlYWQiOjMwMDAwMDAwMDAwMCwidXBkYXRlIjoxODAwMDAwMDAwMDAwfSwic2NoZW1hX3ZlcnNpb24iOiIxIn0=",
          "dependencies": [
            "module.appgw.azurerm_public_ip.agw_pip",
            "module.appservice.azurerm_service_plan.service_plan_fe",
            "module.resourcegroups.azurerm_resource_group.main-rg",
            "module.subnets.azurerm_subnet.agw_subnet",
            "module.subnets.azurerm_subnet.fe_subnet",
            "module.vnets.azurerm_virtual_network.vnet"
          ]
        }
      ]
    },
    {
      "module": "module.appservice",
      "mode": "managed",
      "type": "azurerm_service_plan",
      "name": "service_plan_be",
      "provider": "provider[\"registry.terraform.io/hashicorp/azurerm\"]",
      "instances": [
        {
          "schema_version": 1,
          "attributes": {
            "app_service_environment_id": "",
            "id": "/subscriptions/4421688c-0a8d-4588-8dd0-338c5271d0af/resourceGroups/ibra-new22/providers/Microsoft.Web/serverFarms/ibra-53-be-service-plan-ibrahim-221",
            "kind": "linux",
            "location": "canadacentral",
            "maximum_elastic_worker_count": 1,
            "name": "ibra-53-be-service-plan-ibrahim-221",
            "os_type": "Linux",
            "per_site_scaling_enabled": false,
            "premium_plan_auto_scale_enabled": false,
            "reserved": true,
            "resource_group_name": "ibra-new22",
            "sku_name": "P1v3",
            "tags": null,
            "timeouts": null,
            "worker_count": 1,
            "zone_balancing_enabled": false
          },
          "sensitive_attributes": [],
          "private": "eyJlMmJmYjczMC1lY2FhLTExZTYtOGY4OC0zNDM2M2JjN2M0YzAiOnsiY3JlYXRlIjozNjAwMDAwMDAwMDAwLCJkZWxldGUiOjM2MDAwMDAwMDAwMDAsInJlYWQiOjMwMDAwMDAwMDAwMCwidXBkYXRlIjozNjAwMDAwMDAwMDAwfSwic2NoZW1hX3ZlcnNpb24iOiIxIn0=",
          "dependencies": [
            "module.resourcegroups.azurerm_resource_group.main-rg"
          ]
        }
      ]
    },
    {
      "module": "module.appservice",
      "mode": "managed",
      "type": "azurerm_service_plan",
      "name": "service_plan_fe",
      "provider": "provider[\"registry.terraform.io/hashicorp/azurerm\"]",
      "instances": [
        {
          "schema_version": 1,
          "attributes": {
            "app_service_environment_id": "",
            "id": "/subscriptions/4421688c-0a8d-4588-8dd0-338c5271d0af/resourceGroups/ibra-new22/providers/Microsoft.Web/serverFarms/ibra-53-fe-service-plan-ibrahim-221",
            "kind": "linux",
            "location": "canadacentral",
            "maximum_elastic_worker_count": 1,
            "name": "ibra-53-fe-service-plan-ibrahim-221",
            "os_type": "Linux",
            "per_site_scaling_enabled": false,
            "premium_plan_auto_scale_enabled": false,
            "reserved": true,
            "resource_group_name": "ibra-new22",
            "sku_name": "P1v3",
            "tags": null,
            "timeouts": null,
            "worker_count": 1,
            "zone_balancing_enabled": false
          },
          "sensitive_attributes": [],
          "private": "eyJlMmJmYjczMC1lY2FhLTExZTYtOGY4OC0zNDM2M2JjN2M0YzAiOnsiY3JlYXRlIjozNjAwMDAwMDAwMDAwLCJkZWxldGUiOjM2MDAwMDAwMDAwMDAsInJlYWQiOjMwMDAwMDAwMDAwMCwidXBkYXRlIjozNjAwMDAwMDAwMDAwfSwic2NoZW1hX3ZlcnNpb24iOiIxIn0=",
          "dependencies": [
            "module.resourcegroups.azurerm_resource_group.main-rg"
          ]
        }
      ]
    },
    {
      "module": "module.db",
      "mode": "managed",
      "type": "azurerm_mssql_database",
      "name": "products_db",
      "provider": "provider[\"registry.terraform.io/hashicorp/azurerm\"]",
      "instances": [
        {
          "schema_version": 1,
          "attributes": {
            "auto_pause_delay_in_minutes": 60,
            "collation": "SQL_Latin1_General_CP1_CI_AS",
            "create_mode": "Default",
            "creation_source_database_id": null,
            "elastic_pool_id": "",
            "enclave_type": "",
            "geo_backup_enabled": true,
            "id": "/subscriptions/4421688c-0a8d-4588-8dd0-338c5271d0af/resourceGroups/ibra-new22/providers/Microsoft.Sql/servers/ibra-53-db-server-ibrahim-221/databases/ibra-53-db-ibrahim-221",
            "identity": [],
            "import": [],
            "ledger_enabled": false,
            "license_type": "",
            "long_term_retention_policy": [
              {
                "immutable_backups_enabled": false,
                "monthly_retention": "PT0S",
                "week_of_year": 1,
                "weekly_retention": "PT0S",
                "yearly_retention": "PT0S"
              }
            ],
            "maintenance_configuration_name": "SQL_Default",
            "max_size_gb": 4,
            "min_capacity": 0.5,
            "name": "ibra-53-db-ibrahim-221",
            "read_replica_count": 0,
            "read_scale": false,
            "recover_database_id": null,
            "recovery_point_id": null,
            "restore_dropped_database_id": null,
            "restore_long_term_retention_backup_id": null,
            "restore_point_in_time": null,
            "sample_name": "AdventureWorksLT",
            "secondary_type": "",
            "server_id": "/subscriptions/4421688c-0a8d-4588-8dd0-338c5271d0af/resourceGroups/ibra-new22/providers/Microsoft.Sql/servers/ibra-53-db-server-ibrahim-221",
            "short_term_retention_policy": [
              {
                "backup_interval_in_hours": 12,
                "retention_days": 7
              }
            ],
            "sku_name": "GP_S_Gen5_1",
            "storage_account_type": "Geo",
            "tags": null,
            "threat_detection_policy": [
              {
                "disabled_alerts": [],
                "email_account_admins": "Disabled",
                "email_addresses": [],
                "retention_days": 0,
                "state": "Disabled",
                "storage_account_access_key": "",
                "storage_endpoint": ""
              }
            ],
            "timeouts": null,
            "transparent_data_encryption_enabled": true,
            "transparent_data_encryption_key_automatic_rotation_enabled": false,
            "transparent_data_encryption_key_vault_key_id": "",
            "zone_redundant": false
          },
          "sensitive_attributes": [
            [
              {
                "type": "get_attr",
                "value": "threat_detection_policy"
              },
              {
                "type": "index",
                "value": {
                  "value": 0,
                  "type": "number"
                }
              },
              {
                "type": "get_attr",
                "value": "storage_account_access_key"
              }
            ]
          ],
          "private": "eyJlMmJmYjczMC1lY2FhLTExZTYtOGY4OC0zNDM2M2JjN2M0YzAiOnsiY3JlYXRlIjozNjAwMDAwMDAwMDAwLCJkZWxldGUiOjM2MDAwMDAwMDAwMDAsInJlYWQiOjMwMDAwMDAwMDAwMCwidXBkYXRlIjozNjAwMDAwMDAwMDAwfSwic2NoZW1hX3ZlcnNpb24iOiIxIn0=",
          "dependencies": [
            "module.db.azurerm_mssql_server.products_db_server",
            "module.resourcegroups.azurerm_resource_group.main-rg"
          ]
        }
      ]
    },
    {
      "module": "module.db",
      "mode": "managed",
      "type": "azurerm_mssql_server",
      "name": "products_db_server",
      "provider": "provider[\"registry.terraform.io/hashicorp/azurerm\"]",
      "instances": [
        {
          "schema_version": 0,
          "attributes": {
            "administrator_login": "ibrahim",
            "administrator_login_password": "Aa123456789$",
            "administrator_login_password_wo": null,
            "administrator_login_password_wo_version": 0,
            "azuread_administrator": [],
            "connection_policy": "Default",
            "express_vulnerability_assessment_enabled": false,
            "fully_qualified_domain_name": "ibra-53-db-server-ibrahim-221.database.windows.net",
            "id": "/subscriptions/4421688c-0a8d-4588-8dd0-338c5271d0af/resourceGroups/ibra-new22/providers/Microsoft.Sql/servers/ibra-53-db-server-ibrahim-221",
            "identity": [],
            "location": "canadacentral",
            "minimum_tls_version": "1.2",
            "name": "ibra-53-db-server-ibrahim-221",
            "outbound_network_restriction_enabled": false,
            "primary_user_assigned_identity_id": "",
            "public_network_access_enabled": false,
            "resource_group_name": "ibra-new22",
            "restorable_dropped_database_ids": [],
            "tags": null,
            "timeouts": null,
            "transparent_data_encryption_key_vault_key_id": "",
            "version": "12.0"
          },
          "sensitive_attributes": [
            [
              {
                "type": "get_attr",
                "value": "administrator_login_password"
              }
            ],
            [
              {
                "type": "get_attr",
                "value": "administrator_login"
              }
            ],
            [
              {
                "type": "get_attr",
                "value": "administrator_login_password_wo"
              }
            ]
          ],
          "private": "eyJlMmJmYjczMC1lY2FhLTExZTYtOGY4OC0zNDM2M2JjN2M0YzAiOnsiY3JlYXRlIjozNjAwMDAwMDAwMDAwLCJkZWxldGUiOjM2MDAwMDAwMDAwMDAsInJlYWQiOjMwMDAwMDAwMDAwMCwidXBkYXRlIjozNjAwMDAwMDAwMDAwfX0=",
          "dependencies": [
            "module.resourcegroups.azurerm_resource_group.main-rg"
          ]
        }
      ]
    },
    {
      "module": "module.db",
      "mode": "managed",
      "type": "azurerm_private_dns_zone",
      "name": "sql_zone",
      "provider": "provider[\"registry.terraform.io/hashicorp/azurerm\"]",
      "instances": [
        {
          "schema_version": 0,
          "attributes": {
            "id": "/subscriptions/4421688c-0a8d-4588-8dd0-338c5271d0af/resourceGroups/ibra-new22/providers/Microsoft.Network/privateDnsZones/privatelink.database.windows.net",
            "max_number_of_record_sets": 25000,
            "max_number_of_virtual_network_links": 1000,
            "max_number_of_virtual_network_links_with_registration": 100,
            "name": "privatelink.database.windows.net",
            "number_of_record_sets": 1,
            "resource_group_name": "ibra-new22",
            "soa_record": [
              {
                "email": "azureprivatedns-host.microsoft.com",
                "expire_time": 2419200,
                "fqdn": "privatelink.database.windows.net.",
                "host_name": "azureprivatedns.net",
                "minimum_ttl": 10,
                "refresh_time": 3600,
                "retry_time": 300,
                "serial_number": 1,
                "tags": {},
                "ttl": 3600
              }
            ],
            "tags": null,
            "timeouts": null
          },
          "sensitive_attributes": [],
          "private": "eyJlMmJmYjczMC1lY2FhLTExZTYtOGY4OC0zNDM2M2JjN2M0YzAiOnsiY3JlYXRlIjoxODAwMDAwMDAwMDAwLCJkZWxldGUiOjE4MDAwMDAwMDAwMDAsInJlYWQiOjMwMDAwMDAwMDAwMCwidXBkYXRlIjoxODAwMDAwMDAwMDAwfX0=",
          "dependencies": [
            "module.resourcegroups.azurerm_resource_group.main-rg"
          ]
        }
      ]
    },
    {
      "module": "module.db",
      "mode": "managed",
      "type": "azurerm_private_dns_zone_virtual_network_link",
      "name": "pdns_vnet_link",
      "provider": "provider[\"registry.terraform.io/hashicorp/azurerm\"]",
      "instances": [
        {
          "schema_version": 0,
          "attributes": {
            "id": "/subscriptions/4421688c-0a8d-4588-8dd0-338c5271d0af/resourceGroups/ibra-new22/providers/Microsoft.Network/privateDnsZones/privatelink.database.windows.net/virtualNetworkLinks/pdns-vnet-link",
            "name": "pdns-vnet-link",
            "private_dns_zone_name": "privatelink.database.windows.net",
            "registration_enabled": false,
            "resolution_policy": "Default",
            "resource_group_name": "ibra-new22",
            "tags": null,
            "timeouts": null,
            "virtual_network_id": "/subscriptions/4421688c-0a8d-4588-8dd0-338c5271d0af/resourceGroups/ibra-new22/providers/Microsoft.Network/virtualNetworks/ibra-53-vnet-ibrahim-221"
          },
          "sensitive_attributes": [],
          "private": "eyJlMmJmYjczMC1lY2FhLTExZTYtOGY4OC0zNDM2M2JjN2M0YzAiOnsiY3JlYXRlIjoxODAwMDAwMDAwMDAwLCJkZWxldGUiOjE4MDAwMDAwMDAwMDAsInJlYWQiOjMwMDAwMDAwMDAwMCwidXBkYXRlIjoxODAwMDAwMDAwMDAwfX0=",
          "dependencies": [
            "module.db.azurerm_private_dns_zone.sql_zone",
            "module.resourcegroups.azurerm_resource_group.main-rg",
            "module.vnets.azurerm_virtual_network.vnet"
          ]
        }
      ]
    },
    {
      "module": "module.db",
      "mode": "managed",
      "type": "azurerm_private_endpoint",
      "name": "sql_pe",
      "provider": "provider[\"registry.terraform.io/hashicorp/azurerm\"]",
      "instances": [
        {
          "schema_version": 0,
          "attributes": {
            "custom_dns_configs": [],
            "custom_network_interface_name": "",
            "id": "/subscriptions/4421688c-0a8d-4588-8dd0-338c5271d0af/resourceGroups/ibra-new22/providers/Microsoft.Network/privateEndpoints/sql-private-endpoint",
            "ip_configuration": [],
            "location": "canadacentral",
            "name": "sql-private-endpoint",
            "network_interface": [
              {
                "id": "/subscriptions/4421688c-0a8d-4588-8dd0-338c5271d0af/resourceGroups/ibra-new22/providers/Microsoft.Network/networkInterfaces/sql-private-endpoint.nic.36b5e9ce-1edf-49bb-9810-a0d88af51fac",
                "name": "sql-private-endpoint.nic.36b5e9ce-1edf-49bb-9810-a0d88af51fac"
              }
            ],
            "private_dns_zone_configs": [
              {
                "id": "/subscriptions/4421688c-0a8d-4588-8dd0-338c5271d0af/resourceGroups/ibra-new22/providers/Microsoft.Network/privateEndpoints/sql-private-endpoint/privateDnsZoneGroups/sql-dns-zone-group/privateDnsZoneConfigs/privatelink.database.windows.net",
                "name": "privatelink.database.windows.net",
                "private_dns_zone_id": "/subscriptions/4421688c-0a8d-4588-8dd0-338c5271d0af/resourceGroups/ibra-new22/providers/Microsoft.Network/privateDnsZones/privatelink.database.windows.net",
                "record_sets": [
                  {
                    "fqdn": "ibra-53-db-server-ibrahim-221.privatelink.database.windows.net",
                    "ip_addresses": [
                      "10.0.1.4"
                    ],
                    "name": "ibra-53-db-server-ibrahim-221",
                    "ttl": 10,
                    "type": "A"
                  }
                ]
              }
            ],
            "private_dns_zone_group": [
              {
                "id": "/subscriptions/4421688c-0a8d-4588-8dd0-338c5271d0af/resourceGroups/ibra-new22/providers/Microsoft.Network/privateEndpoints/sql-private-endpoint/privateDnsZoneGroups/sql-dns-zone-group",
                "name": "sql-dns-zone-group",
                "private_dns_zone_ids": [
                  "/subscriptions/4421688c-0a8d-4588-8dd0-338c5271d0af/resourceGroups/ibra-new22/providers/Microsoft.Network/privateDnsZones/privatelink.database.windows.net"
                ]
              }
            ],
            "private_service_connection": [
              {
                "is_manual_connection": false,
                "name": "sql-connection-private",
                "private_connection_resource_alias": "",
                "private_connection_resource_id": "/subscriptions/4421688c-0a8d-4588-8dd0-338c5271d0af/resourceGroups/ibra-new22/providers/Microsoft.Sql/servers/ibra-53-db-server-ibrahim-221",
                "private_ip_address": "10.0.1.4",
                "request_message": "",
                "subresource_names": [
                  "sqlServer"
                ]
              }
            ],
            "resource_group_name": "ibra-new22",
            "subnet_id": "/subscriptions/4421688c-0a8d-4588-8dd0-338c5271d0af/resourceGroups/ibra-new22/providers/Microsoft.Network/virtualNetworks/ibra-53-vnet-ibrahim-221/subnets/pe-subnet-private1",
            "tags": null,
            "timeouts": null
          },
          "sensitive_attributes": [],
          "private": "eyJlMmJmYjczMC1lY2FhLTExZTYtOGY4OC0zNDM2M2JjN2M0YzAiOnsiY3JlYXRlIjozNjAwMDAwMDAwMDAwLCJkZWxldGUiOjM2MDAwMDAwMDAwMDAsInJlYWQiOjMwMDAwMDAwMDAwMCwidXBkYXRlIjozNjAwMDAwMDAwMDAwfX0=",
          "dependencies": [
            "module.db.azurerm_mssql_server.products_db_server",
            "module.db.azurerm_private_dns_zone.sql_zone",
            "module.resourcegroups.azurerm_resource_group.main-rg",
            "module.subnets.azurerm_subnet.private_endpoints",
            "module.vnets.azurerm_virtual_network.vnet"
          ]
        }
      ]
    },
    {
      "module": "module.nsg",
      "mode": "managed",
      "type": "azurerm_network_security_group",
      "name": "nsg_agw",
      "provider": "provider[\"registry.terraform.io/hashicorp/azurerm\"]",
      "instances": [
        {
          "schema_version": 0,
          "attributes": {
            "id": "/subscriptions/4421688c-0a8d-4588-8dd0-338c5271d0af/resourceGroups/ibra-new22/providers/Microsoft.Network/networkSecurityGroups/ibra-53-agw-nsg-ibrahim-221",
            "location": "canadacentral",
            "name": "ibra-53-agw-nsg-ibrahim-221",
            "resource_group_name": "ibra-new22",
            "security_rule": [
              {
                "access": "Allow",
                "description": "",
                "destination_address_prefix": "*",
                "destination_address_prefixes": [],
                "destination_application_security_group_ids": [],
                "destination_port_range": "",
                "destination_port_ranges": [
                  "65200-65535"
                ],
                "direction": "Inbound",
                "name": "allow-agw-management",
                "priority": 102,
                "protocol": "*",
                "source_address_prefix": "GatewayManager",
                "source_address_prefixes": [],
                "source_application_security_group_ids": [],
                "source_port_range": "*",
                "source_port_ranges": []
              },
              {
                "access": "Allow",
                "description": "",
                "destination_address_prefix": "VirtualNetwork",
                "destination_address_prefixes": [],
                "destination_application_security_group_ids": [],
                "destination_port_range": "",
                "destination_port_ranges": [
                  "443"
                ],
                "direction": "Inbound",
                "name": "allow-https",
                "priority": 101,
                "protocol": "*",
                "source_address_prefix": "Internet",
                "source_address_prefixes": [],
                "source_application_security_group_ids": [],
                "source_port_range": "*",
                "source_port_ranges": []
              },
              {
                "access": "Allow",
                "description": "",
                "destination_address_prefix": "VirtualNetwork",
                "destination_address_prefixes": [],
                "destination_application_security_group_ids": [],
                "destination_port_range": "",
                "destination_port_ranges": [
                  "80"
                ],
                "direction": "Inbound",
                "name": "allow-http",
                "priority": 100,
                "protocol": "*",
                "source_address_prefix": "Internet",
                "source_address_prefixes": [],
                "source_application_security_group_ids": [],
                "source_port_range": "*",
                "source_port_ranges": []
              }
            ],
            "tags": null,
            "timeouts": null
          },
          "sensitive_attributes": [],
          "private": "eyJlMmJmYjczMC1lY2FhLTExZTYtOGY4OC0zNDM2M2JjN2M0YzAiOnsiY3JlYXRlIjoxODAwMDAwMDAwMDAwLCJkZWxldGUiOjE4MDAwMDAwMDAwMDAsInJlYWQiOjMwMDAwMDAwMDAwMCwidXBkYXRlIjoxODAwMDAwMDAwMDAwfX0=",
          "dependencies": [
            "module.resourcegroups.azurerm_resource_group.main-rg"
          ]
        }
      ]
    },
    {
      "module": "module.nsg",
      "mode": "managed",
      "type": "azurerm_network_security_group",
      "name": "nsg_be",
      "provider": "provider[\"registry.terraform.io/hashicorp/azurerm\"]",
      "instances": [
        {
          "schema_version": 0,
          "attributes": {
            "id": "/subscriptions/4421688c-0a8d-4588-8dd0-338c5271d0af/resourceGroups/ibra-new22/providers/Microsoft.Network/networkSecurityGroups/ibra-53-be-nsg-ibrahim-221",
            "location": "canadacentral",
            "name": "ibra-53-be-nsg-ibrahim-221",
            "resource_group_name": "ibra-new22",
            "security_rule": [
              {
                "access": "Allow",
                "description": "",
                "destination_address_prefix": "*",
                "destination_address_prefixes": [],
                "destination_application_security_group_ids": [],
                "destination_port_range": "",
                "destination_port_ranges": [
                  "65200-65535"
                ],
                "direction": "Inbound",
                "name": "allow-agw-management",
                "priority": 103,
                "protocol": "*",
                "source_address_prefix": "GatewayManager",
                "source_address_prefixes": [],
                "source_application_security_group_ids": [],
                "source_port_range": "*",
                "source_port_ranges": []
              },
              {
                "access": "Allow",
                "description": "",
                "destination_address_prefix": "VirtualNetwork",
                "destination_address_prefixes": [],
                "destination_application_security_group_ids": [],
                "destination_port_range": "",
                "destination_port_ranges": [
                  "1433"
                ],
                "direction": "Outbound",
                "name": "allow-db",
                "priority": 106,
                "protocol": "*",
                "source_address_prefix": "",
                "source_address_prefixes": [
                  "10.0.50.0/24",
                  "10.0.8.0/24"
                ],
                "source_application_security_group_ids": [],
                "source_port_range": "*",
                "source_port_ranges": []
              },
              {
                "access": "Allow",
                "description": "",
                "destination_address_prefix": "VirtualNetwork",
                "destination_address_prefixes": [],
                "destination_application_security_group_ids": [],
                "destination_port_range": "",
                "destination_port_ranges": [
                  "443"
                ],
                "direction": "Inbound",
                "name": "allow-https",
                "priority": 101,
                "protocol": "*",
                "source_address_prefix": "",
                "source_address_prefixes": [
                  "10.0.50.0/24",
                  "10.0.8.0/24"
                ],
                "source_application_security_group_ids": [],
                "source_port_range": "*",
                "source_port_ranges": []
              },
              {
                "access": "Allow",
                "description": "",
                "destination_address_prefix": "VirtualNetwork",
                "destination_address_prefixes": [],
                "destination_application_security_group_ids": [],
                "destination_port_range": "",
                "destination_port_ranges": [
                  "80"
                ],
                "direction": "Inbound",
                "name": "allow-fe-port",
                "priority": 104,
                "protocol": "*",
                "source_address_prefix": "",
                "source_address_prefixes": [
                  "10.0.50.0/24",
                  "10.0.8.0/24"
                ],
                "source_application_security_group_ids": [],
                "source_port_range": "*",
                "source_port_ranges": []
              },
              {
                "access": "Allow",
                "description": "",
                "destination_address_prefix": "VirtualNetwork",
                "destination_address_prefixes": [],
                "destination_application_security_group_ids": [],
                "destination_port_range": "",
                "destination_port_ranges": [
                  "80"
                ],
                "direction": "Inbound",
                "name": "allow-http",
                "priority": 100,
                "protocol": "*",
                "source_address_prefix": "",
                "source_address_prefixes": [
                  "10.0.50.0/24",
                  "10.0.8.0/24"
                ],
                "source_application_security_group_ids": [],
                "source_port_range": "*",
                "source_port_ranges": []
              },
              {
                "access": "Allow",
                "description": "",
                "destination_address_prefix": "VirtualNetwork",
                "destination_address_prefixes": [],
                "destination_application_security_group_ids": [],
                "destination_port_range": "",
                "destination_port_ranges": [
                  "8080"
                ],
                "direction": "Inbound",
                "name": "allow-api-port",
                "priority": 102,
                "protocol": "*",
                "source_address_prefix": "",
                "source_address_prefixes": [
                  "10.0.50.0/24",
                  "10.0.8.0/24"
                ],
                "source_application_security_group_ids": [],
                "source_port_range": "*",
                "source_port_ranges": []
              }
            ],
            "tags": null,
            "timeouts": null
          },
          "sensitive_attributes": [],
          "private": "eyJlMmJmYjczMC1lY2FhLTExZTYtOGY4OC0zNDM2M2JjN2M0YzAiOnsiY3JlYXRlIjoxODAwMDAwMDAwMDAwLCJkZWxldGUiOjE4MDAwMDAwMDAwMDAsInJlYWQiOjMwMDAwMDAwMDAwMCwidXBkYXRlIjoxODAwMDAwMDAwMDAwfX0=",
          "dependencies": [
            "module.resourcegroups.azurerm_resource_group.main-rg",
            "module.subnets.azurerm_subnet.agw_subnet",
            "module.subnets.azurerm_subnet.fe_subnet",
            "module.vnets.azurerm_virtual_network.vnet"
          ]
        }
      ]
    },
    {
      "module": "module.nsg",
      "mode": "managed",
      "type": "azurerm_network_security_group",
      "name": "nsg_db",
      "provider": "provider[\"registry.terraform.io/hashicorp/azurerm\"]",
      "instances": [
        {
          "schema_version": 0,
          "attributes": {
            "id": "/subscriptions/4421688c-0a8d-4588-8dd0-338c5271d0af/resourceGroups/ibra-new22/providers/Microsoft.Network/networkSecurityGroups/ibra-53-db-nsg-ibrahim-221",
            "location": "canadacentral",
            "name": "ibra-53-db-nsg-ibrahim-221",
            "resource_group_name": "ibra-new22",
            "security_rule": [
              {
                "access": "Allow",
                "description": "",
                "destination_address_prefix": "*",
                "destination_address_prefixes": [],
                "destination_application_security_group_ids": [],
                "destination_port_range": "",
                "destination_port_ranges": [
                  "65200-65535"
                ],
                "direction": "Inbound",
                "name": "allow-agw-management",
                "priority": 103,
                "protocol": "*",
                "source_address_prefix": "GatewayManager",
                "source_address_prefixes": [],
                "source_application_security_group_ids": [],
                "source_port_range": "*",
                "source_port_ranges": []
              },
              {
                "access": "Allow",
                "description": "",
                "destination_address_prefix": "VirtualNetwork",
                "destination_address_prefixes": [],
                "destination_application_security_group_ids": [],
                "destination_port_range": "",
                "destination_port_ranges": [
                  "1433"
                ],
                "direction": "Inbound",
                "name": "allow-azure-sql",
                "priority": 100,
                "protocol": "*",
                "source_address_prefix": "",
                "source_address_prefixes": [
                  "10.0.20.0/24"
                ],
                "source_application_security_group_ids": [],
                "source_port_range": "*",
                "source_port_ranges": []
              }
            ],
            "tags": null,
            "timeouts": null
          },
          "sensitive_attributes": [],
          "private": "eyJlMmJmYjczMC1lY2FhLTExZTYtOGY4OC0zNDM2M2JjN2M0YzAiOnsiY3JlYXRlIjoxODAwMDAwMDAwMDAwLCJkZWxldGUiOjE4MDAwMDAwMDAwMDAsInJlYWQiOjMwMDAwMDAwMDAwMCwidXBkYXRlIjoxODAwMDAwMDAwMDAwfX0=",
          "dependencies": [
            "module.resourcegroups.azurerm_resource_group.main-rg",
            "module.subnets.azurerm_subnet.be_subnet",
            "module.vnets.azurerm_virtual_network.vnet"
          ]
        }
      ]
    },
    {
      "module": "module.nsg",
      "mode": "managed",
      "type": "azurerm_network_security_group",
      "name": "nsg_fe",
      "provider": "provider[\"registry.terraform.io/hashicorp/azurerm\"]",
      "instances": [
        {
          "schema_version": 0,
          "attributes": {
            "id": "/subscriptions/4421688c-0a8d-4588-8dd0-338c5271d0af/resourceGroups/ibra-new22/providers/Microsoft.Network/networkSecurityGroups/ibra-53-fe-nsg-ibrahim-221",
            "location": "canadacentral",
            "name": "ibra-53-fe-nsg-ibrahim-221",
            "resource_group_name": "ibra-new22",
            "security_rule": [
              {
                "access": "Allow",
                "description": "",
                "destination_address_prefix": "*",
                "destination_address_prefixes": [],
                "destination_application_security_group_ids": [],
                "destination_port_range": "",
                "destination_port_ranges": [
                  "65200-65535"
                ],
                "direction": "Inbound",
                "name": "allow-agw-management",
                "priority": 103,
                "protocol": "*",
                "source_address_prefix": "GatewayManager",
                "source_address_prefixes": [],
                "source_application_security_group_ids": [],
                "source_port_range": "*",
                "source_port_ranges": []
              },
              {
                "access": "Allow",
                "description": "",
                "destination_address_prefix": "VirtualNetwork",
                "destination_address_prefixes": [],
                "destination_application_security_group_ids": [],
                "destination_port_range": "",
                "destination_port_ranges": [
                  "443"
                ],
                "direction": "Inbound",
                "name": "allow-https",
                "priority": 101,
                "protocol": "*",
                "source_address_prefix": "",
                "source_address_prefixes": [
                  "10.0.20.0/24",
                  "10.0.50.0/24"
                ],
                "source_application_security_group_ids": [],
                "source_port_range": "*",
                "source_port_ranges": []
              },
              {
                "access": "Allow",
                "description": "",
                "destination_address_prefix": "VirtualNetwork",
                "destination_address_prefixes": [],
                "destination_application_security_group_ids": [],
                "destination_port_range": "",
                "destination_port_ranges": [
                  "80"
                ],
                "direction": "Inbound",
                "name": "allow-http",
                "priority": 100,
                "protocol": "*",
                "source_address_prefix": "",
                "source_address_prefixes": [
                  "10.0.20.0/24",
                  "10.0.50.0/24"
                ],
                "source_application_security_group_ids": [],
                "source_port_range": "*",
                "source_port_ranges": []
              },
              {
                "access": "Allow",
                "description": "",
                "destination_address_prefix": "VirtualNetwork",
                "destination_address_prefixes": [],
                "destination_application_security_group_ids": [],
                "destination_port_range": "",
                "destination_port_ranges": [
                  "8080"
                ],
                "direction": "Inbound",
                "name": "allow-bee-port",
                "priority": 102,
                "protocol": "*",
                "source_address_prefix": "",
                "source_address_prefixes": [
                  "10.0.50.0/24",
                  "10.0.8.0/24"
                ],
                "source_application_security_group_ids": [],
                "source_port_range": "*",
                "source_port_ranges": []
              }
            ],
            "tags": null,
            "timeouts": null
          },
          "sensitive_attributes": [],
          "private": "eyJlMmJmYjczMC1lY2FhLTExZTYtOGY4OC0zNDM2M2JjN2M0YzAiOnsiY3JlYXRlIjoxODAwMDAwMDAwMDAwLCJkZWxldGUiOjE4MDAwMDAwMDAwMDAsInJlYWQiOjMwMDAwMDAwMDAwMCwidXBkYXRlIjoxODAwMDAwMDAwMDAwfX0=",
          "dependencies": [
            "module.resourcegroups.azurerm_resource_group.main-rg",
            "module.subnets.azurerm_subnet.agw_subnet",
            "module.subnets.azurerm_subnet.be_subnet",
            "module.subnets.azurerm_subnet.fe_subnet",
            "module.vnets.azurerm_virtual_network.vnet"
          ]
        }
      ]
    },
    {
      "module": "module.nsg",
      "mode": "managed",
      "type": "azurerm_subnet_network_security_group_association",
      "name": "agw_assoc",
      "provider": "provider[\"registry.terraform.io/hashicorp/azurerm\"]",
      "instances": [
        {
          "schema_version": 0,
          "attributes": {
            "id": "/subscriptions/4421688c-0a8d-4588-8dd0-338c5271d0af/resourceGroups/ibra-new22/providers/Microsoft.Network/virtualNetworks/ibra-53-vnet-ibrahim-221/subnets/agw-subnet-public1",
            "network_security_group_id": "/subscriptions/4421688c-0a8d-4588-8dd0-338c5271d0af/resourceGroups/ibra-new22/providers/Microsoft.Network/networkSecurityGroups/ibra-53-agw-nsg-ibrahim-221",
            "subnet_id": "/subscriptions/4421688c-0a8d-4588-8dd0-338c5271d0af/resourceGroups/ibra-new22/providers/Microsoft.Network/virtualNetworks/ibra-53-vnet-ibrahim-221/subnets/agw-subnet-public1",
            "timeouts": null
          },
          "sensitive_attributes": [],
          "private": "eyJlMmJmYjczMC1lY2FhLTExZTYtOGY4OC0zNDM2M2JjN2M0YzAiOnsiY3JlYXRlIjoxODAwMDAwMDAwMDAwLCJkZWxldGUiOjE4MDAwMDAwMDAwMDAsInJlYWQiOjMwMDAwMDAwMDAwMH19",
          "dependencies": [
            "module.nsg.azurerm_network_security_group.nsg_agw",
            "module.resourcegroups.azurerm_resource_group.main-rg",
            "module.subnets.azurerm_subnet.agw_subnet",
            "module.vnets.azurerm_virtual_network.vnet"
          ]
        }
      ]
    },
    {
      "module": "module.nsg",
      "mode": "managed",
      "type": "azurerm_subnet_network_security_group_association",
      "name": "be_assoc",
      "provider": "provider[\"registry.terraform.io/hashicorp/azurerm\"]",
      "instances": [
        {
          "schema_version": 0,
          "attributes": {
            "id": "/subscriptions/4421688c-0a8d-4588-8dd0-338c5271d0af/resourceGroups/ibra-new22/providers/Microsoft.Network/virtualNetworks/ibra-53-vnet-ibrahim-221/subnets/be-subnet-private1",
            "network_security_group_id": "/subscriptions/4421688c-0a8d-4588-8dd0-338c5271d0af/resourceGroups/ibra-new22/providers/Microsoft.Network/networkSecurityGroups/ibra-53-be-nsg-ibrahim-221",
            "subnet_id": "/subscriptions/4421688c-0a8d-4588-8dd0-338c5271d0af/resourceGroups/ibra-new22/providers/Microsoft.Network/virtualNetworks/ibra-53-vnet-ibrahim-221/subnets/be-subnet-private1",
            "timeouts": null
          },
          "sensitive_attributes": [],
          "private": "eyJlMmJmYjczMC1lY2FhLTExZTYtOGY4OC0zNDM2M2JjN2M0YzAiOnsiY3JlYXRlIjoxODAwMDAwMDAwMDAwLCJkZWxldGUiOjE4MDAwMDAwMDAwMDAsInJlYWQiOjMwMDAwMDAwMDAwMH19",
          "dependencies": [
            "module.nsg.azurerm_network_security_group.nsg_be",
            "module.resourcegroups.azurerm_resource_group.main-rg",
            "module.subnets.azurerm_subnet.agw_subnet",
            "module.subnets.azurerm_subnet.be_subnet",
            "module.subnets.azurerm_subnet.fe_subnet",
            "module.vnets.azurerm_virtual_network.vnet"
          ]
        }
      ]
    },
    {
      "module": "module.nsg",
      "mode": "managed",
      "type": "azurerm_subnet_network_security_group_association",
      "name": "db_assoc",
      "provider": "provider[\"registry.terraform.io/hashicorp/azurerm\"]",
      "instances": [
        {
          "schema_version": 0,
          "attributes": {
            "id": "/subscriptions/4421688c-0a8d-4588-8dd0-338c5271d0af/resourceGroups/ibra-new22/providers/Microsoft.Network/virtualNetworks/ibra-53-vnet-ibrahim-221/subnets/db-subnet-private1",
            "network_security_group_id": "/subscriptions/4421688c-0a8d-4588-8dd0-338c5271d0af/resourceGroups/ibra-new22/providers/Microsoft.Network/networkSecurityGroups/ibra-53-db-nsg-ibrahim-221",
            "subnet_id": "/subscriptions/4421688c-0a8d-4588-8dd0-338c5271d0af/resourceGroups/ibra-new22/providers/Microsoft.Network/virtualNetworks/ibra-53-vnet-ibrahim-221/subnets/db-subnet-private1",
            "timeouts": null
          },
          "sensitive_attributes": [],
          "private": "eyJlMmJmYjczMC1lY2FhLTExZTYtOGY4OC0zNDM2M2JjN2M0YzAiOnsiY3JlYXRlIjoxODAwMDAwMDAwMDAwLCJkZWxldGUiOjE4MDAwMDAwMDAwMDAsInJlYWQiOjMwMDAwMDAwMDAwMH19",
          "dependencies": [
            "module.nsg.azurerm_network_security_group.nsg_db",
            "module.resourcegroups.azurerm_resource_group.main-rg",
            "module.subnets.azurerm_subnet.be_subnet",
            "module.subnets.azurerm_subnet.db_subnet",
            "module.vnets.azurerm_virtual_network.vnet"
          ]
        }
      ]
    },
    {
      "module": "module.nsg",
      "mode": "managed",
      "type": "azurerm_subnet_network_security_group_association",
      "name": "fe_assoc",
      "provider": "provider[\"registry.terraform.io/hashicorp/azurerm\"]",
      "instances": [
        {
          "schema_version": 0,
          "attributes": {
            "id": "/subscriptions/4421688c-0a8d-4588-8dd0-338c5271d0af/resourceGroups/ibra-new22/providers/Microsoft.Network/virtualNetworks/ibra-53-vnet-ibrahim-221/subnets/fe-subnet-private1",
            "network_security_group_id": "/subscriptions/4421688c-0a8d-4588-8dd0-338c5271d0af/resourceGroups/ibra-new22/providers/Microsoft.Network/networkSecurityGroups/ibra-53-fe-nsg-ibrahim-221",
            "subnet_id": "/subscriptions/4421688c-0a8d-4588-8dd0-338c5271d0af/resourceGroups/ibra-new22/providers/Microsoft.Network/virtualNetworks/ibra-53-vnet-ibrahim-221/subnets/fe-subnet-private1",
            "timeouts": null
          },
          "sensitive_attributes": [],
          "private": "eyJlMmJmYjczMC1lY2FhLTExZTYtOGY4OC0zNDM2M2JjN2M0YzAiOnsiY3JlYXRlIjoxODAwMDAwMDAwMDAwLCJkZWxldGUiOjE4MDAwMDAwMDAwMDAsInJlYWQiOjMwMDAwMDAwMDAwMH19",
          "dependencies": [
            "module.nsg.azurerm_network_security_group.nsg_fe",
            "module.resourcegroups.azurerm_resource_group.main-rg",
            "module.subnets.azurerm_subnet.agw_subnet",
            "module.subnets.azurerm_subnet.be_subnet",
            "module.subnets.azurerm_subnet.fe_subnet",
            "module.vnets.azurerm_virtual_network.vnet"
          ]
        }
      ]
    },
    {
      "module": "module.resourcegroups",
      "mode": "managed",
      "type": "azurerm_resource_group",
      "name": "main-rg",
      "provider": "provider[\"registry.terraform.io/hashicorp/azurerm\"]",
      "instances": [
        {
          "schema_version": 0,
          "attributes": {
            "id": "/subscriptions/4421688c-0a8d-4588-8dd0-338c5271d0af/resourceGroups/ibra-new22",
            "location": "canadacentral",
            "managed_by": "",
            "name": "ibra-new22",
            "tags": {
              "provisioner": "ibrahim-221-terraform"
            },
            "timeouts": null
          },
          "sensitive_attributes": [],
          "private": "eyJlMmJmYjczMC1lY2FhLTExZTYtOGY4OC0zNDM2M2JjN2M0YzAiOnsiY3JlYXRlIjo1NDAwMDAwMDAwMDAwLCJkZWxldGUiOjU0MDAwMDAwMDAwMDAsInJlYWQiOjMwMDAwMDAwMDAwMCwidXBkYXRlIjo1NDAwMDAwMDAwMDAwfX0="
        }
      ]
    },
    {
      "module": "module.subnets",
      "mode": "managed",
      "type": "azurerm_subnet",
      "name": "agw_subnet",
      "provider": "provider[\"registry.terraform.io/hashicorp/azurerm\"]",
      "instances": [
        {
          "schema_version": 0,
          "attributes": {
            "address_prefixes": [
              "10.0.50.0/24"
            ],
            "default_outbound_access_enabled": true,
            "delegation": [],
            "id": "/subscriptions/4421688c-0a8d-4588-8dd0-338c5271d0af/resourceGroups/ibra-new22/providers/Microsoft.Network/virtualNetworks/ibra-53-vnet-ibrahim-221/subnets/agw-subnet-public1",
            "ip_address_pool": [],
            "name": "agw-subnet-public1",
            "private_endpoint_network_policies": "Disabled",
            "private_link_service_network_policies_enabled": true,
            "resource_group_name": "ibra-new22",
            "service_endpoint_policy_ids": null,
            "service_endpoints": [
              "Microsoft.Web"
            ],
            "timeouts": null,
            "virtual_network_name": "ibra-53-vnet-ibrahim-221"
          },
          "sensitive_attributes": [],
          "private": "eyJlMmJmYjczMC1lY2FhLTExZTYtOGY4OC0zNDM2M2JjN2M0YzAiOnsiY3JlYXRlIjoxODAwMDAwMDAwMDAwLCJkZWxldGUiOjE4MDAwMDAwMDAwMDAsInJlYWQiOjMwMDAwMDAwMDAwMCwidXBkYXRlIjoxODAwMDAwMDAwMDAwfX0=",
          "dependencies": [
            "module.resourcegroups.azurerm_resource_group.main-rg",
            "module.vnets.azurerm_virtual_network.vnet"
          ]
        }
      ]
    },
    {
      "module": "module.subnets",
      "mode": "managed",
      "type": "azurerm_subnet",
      "name": "be_subnet",
      "provider": "provider[\"registry.terraform.io/hashicorp/azurerm\"]",
      "instances": [
        {
          "schema_version": 0,
          "attributes": {
            "address_prefixes": [
              "10.0.20.0/24"
            ],
            "default_outbound_access_enabled": true,
            "delegation": [
              {
                "name": "Microsoft.Web.serverFarms",
                "service_delegation": [
                  {
                    "actions": [
                      "Microsoft.Network/virtualNetworks/subnets/action"
                    ],
                    "name": "Microsoft.Web/serverFarms"
                  }
                ]
              }
            ],
            "id": "/subscriptions/4421688c-0a8d-4588-8dd0-338c5271d0af/resourceGroups/ibra-new22/providers/Microsoft.Network/virtualNetworks/ibra-53-vnet-ibrahim-221/subnets/be-subnet-private1",
            "ip_address_pool": [],
            "name": "be-subnet-private1",
            "private_endpoint_network_policies": "Disabled",
            "private_link_service_network_policies_enabled": true,
            "resource_group_name": "ibra-new22",
            "service_endpoint_policy_ids": null,
            "service_endpoints": [
              "Microsoft.Sql",
              "Microsoft.Web"
            ],
            "timeouts": null,
            "virtual_network_name": "ibra-53-vnet-ibrahim-221"
          },
          "sensitive_attributes": [],
          "private": "eyJlMmJmYjczMC1lY2FhLTExZTYtOGY4OC0zNDM2M2JjN2M0YzAiOnsiY3JlYXRlIjoxODAwMDAwMDAwMDAwLCJkZWxldGUiOjE4MDAwMDAwMDAwMDAsInJlYWQiOjMwMDAwMDAwMDAwMCwidXBkYXRlIjoxODAwMDAwMDAwMDAwfX0=",
          "dependencies": [
            "module.resourcegroups.azurerm_resource_group.main-rg",
            "module.vnets.azurerm_virtual_network.vnet"
          ]
        }
      ]
    },
    {
      "module": "module.subnets",
      "mode": "managed",
      "type": "azurerm_subnet",
      "name": "db_subnet",
      "provider": "provider[\"registry.terraform.io/hashicorp/azurerm\"]",
      "instances": [
        {
          "schema_version": 0,
          "attributes": {
            "address_prefixes": [
              "10.0.2.0/24"
            ],
            "default_outbound_access_enabled": true,
            "delegation": [],
            "id": "/subscriptions/4421688c-0a8d-4588-8dd0-338c5271d0af/resourceGroups/ibra-new22/providers/Microsoft.Network/virtualNetworks/ibra-53-vnet-ibrahim-221/subnets/db-subnet-private1",
            "ip_address_pool": [],
            "name": "db-subnet-private1",
            "private_endpoint_network_policies": "Disabled",
            "private_link_service_network_policies_enabled": true,
            "resource_group_name": "ibra-new22",
            "service_endpoint_policy_ids": null,
            "service_endpoints": [
              "Microsoft.Sql"
            ],
            "timeouts": null,
            "virtual_network_name": "ibra-53-vnet-ibrahim-221"
          },
          "sensitive_attributes": [],
          "private": "eyJlMmJmYjczMC1lY2FhLTExZTYtOGY4OC0zNDM2M2JjN2M0YzAiOnsiY3JlYXRlIjoxODAwMDAwMDAwMDAwLCJkZWxldGUiOjE4MDAwMDAwMDAwMDAsInJlYWQiOjMwMDAwMDAwMDAwMCwidXBkYXRlIjoxODAwMDAwMDAwMDAwfX0=",
          "dependencies": [
            "module.resourcegroups.azurerm_resource_group.main-rg",
            "module.vnets.azurerm_virtual_network.vnet"
          ]
        }
      ]
    },
    {
      "module": "module.subnets",
      "mode": "managed",
      "type": "azurerm_subnet",
      "name": "fe_subnet",
      "provider": "provider[\"registry.terraform.io/hashicorp/azurerm\"]",
      "instances": [
        {
          "schema_version": 0,
          "attributes": {
            "address_prefixes": [
              "10.0.8.0/24"
            ],
            "default_outbound_access_enabled": true,
            "delegation": [
              {
                "name": "Microsoft.Web.serverFarms",
                "service_delegation": [
                  {
                    "actions": [
                      "Microsoft.Network/virtualNetworks/subnets/action"
                    ],
                    "name": "Microsoft.Web/serverFarms"
                  }
                ]
              }
            ],
            "id": "/subscriptions/4421688c-0a8d-4588-8dd0-338c5271d0af/resourceGroups/ibra-new22/providers/Microsoft.Network/virtualNetworks/ibra-53-vnet-ibrahim-221/subnets/fe-subnet-private1",
            "ip_address_pool": [],
            "name": "fe-subnet-private1",
            "private_endpoint_network_policies": "Disabled",
            "private_link_service_network_policies_enabled": true,
            "resource_group_name": "ibra-new22",
            "service_endpoint_policy_ids": null,
            "service_endpoints": [
              "Microsoft.Web"
            ],
            "timeouts": null,
            "virtual_network_name": "ibra-53-vnet-ibrahim-221"
          },
          "sensitive_attributes": [],
          "private": "eyJlMmJmYjczMC1lY2FhLTExZTYtOGY4OC0zNDM2M2JjN2M0YzAiOnsiY3JlYXRlIjoxODAwMDAwMDAwMDAwLCJkZWxldGUiOjE4MDAwMDAwMDAwMDAsInJlYWQiOjMwMDAwMDAwMDAwMCwidXBkYXRlIjoxODAwMDAwMDAwMDAwfX0=",
          "dependencies": [
            "module.resourcegroups.azurerm_resource_group.main-rg",
            "module.vnets.azurerm_virtual_network.vnet"
          ]
        }
      ]
    },
    {
      "module": "module.subnets",
      "mode": "managed",
      "type": "azurerm_subnet",
      "name": "private_endpoints",
      "provider": "provider[\"registry.terraform.io/hashicorp/azurerm\"]",
      "instances": [
        {
          "schema_version": 0,
          "attributes": {
            "address_prefixes": [
              "10.0.1.0/24"
            ],
            "default_outbound_access_enabled": true,
            "delegation": [],
            "id": "/subscriptions/4421688c-0a8d-4588-8dd0-338c5271d0af/resourceGroups/ibra-new22/providers/Microsoft.Network/virtualNetworks/ibra-53-vnet-ibrahim-221/subnets/pe-subnet-private1",
            "ip_address_pool": [],
            "name": "pe-subnet-private1",
            "private_endpoint_network_policies": "Enabled",
            "private_link_service_network_policies_enabled": true,
            "resource_group_name": "ibra-new22",
            "service_endpoint_policy_ids": null,
            "service_endpoints": [
              "Microsoft.Web"
            ],
            "timeouts": null,
            "virtual_network_name": "ibra-53-vnet-ibrahim-221"
          },
          "sensitive_attributes": [],
          "private": "eyJlMmJmYjczMC1lY2FhLTExZTYtOGY4OC0zNDM2M2JjN2M0YzAiOnsiY3JlYXRlIjoxODAwMDAwMDAwMDAwLCJkZWxldGUiOjE4MDAwMDAwMDAwMDAsInJlYWQiOjMwMDAwMDAwMDAwMCwidXBkYXRlIjoxODAwMDAwMDAwMDAwfX0=",
          "dependencies": [
            "module.resourcegroups.azurerm_resource_group.main-rg",
            "module.vnets.azurerm_virtual_network.vnet"
          ]
        }
      ]
    },
    {
      "module": "module.vnets",
      "mode": "managed",
      "type": "azurerm_virtual_network",
      "name": "vnet",
      "provider": "provider[\"registry.terraform.io/hashicorp/azurerm\"]",
      "instances": [
        {
          "schema_version": 0,
          "attributes": {
            "address_space": [
              "10.0.0.0/16"
            ],
            "bgp_community": "",
            "ddos_protection_plan": [],
            "dns_servers": [],
            "edge_zone": "",
            "encryption": [],
            "flow_timeout_in_minutes": 0,
            "guid": "0c53b998-4762-4ee5-b17e-f51bdb4cebd3",
            "id": "/subscriptions/4421688c-0a8d-4588-8dd0-338c5271d0af/resourceGroups/ibra-new22/providers/Microsoft.Network/virtualNetworks/ibra-53-vnet-ibrahim-221",
            "ip_address_pool": [],
            "location": "canadacentral",
            "name": "ibra-53-vnet-ibrahim-221",
            "private_endpoint_vnet_policies": "Disabled",
            "resource_group_name": "ibra-new22",
            "subnet": [],
            "tags": null,
            "timeouts": null
          },
          "sensitive_attributes": [],
          "private": "eyJlMmJmYjczMC1lY2FhLTExZTYtOGY4OC0zNDM2M2JjN2M0YzAiOnsiY3JlYXRlIjoxODAwMDAwMDAwMDAwLCJkZWxldGUiOjE4MDAwMDAwMDAwMDAsInJlYWQiOjMwMDAwMDAwMDAwMCwidXBkYXRlIjoxODAwMDAwMDAwMDAwfX0=",
          "dependencies": [
            "module.resourcegroups.azurerm_resource_group.main-rg"
          ]
        }
      ]
    }
  ],
  "check_results": null
}
