{
  "version": 4,
  "terraform_version": "1.13.3",
  "serial": 419,
  "lineage": "58ff58c4-febb-24d3-3dea-9d9cddda5d2e",
  "outputs": {
    "agw_ips": {
      "value": "4.213.155.113",
      "type": "string"
    },
    "websites_fqdns": {
      "value": [
        "yazeed-fe-app-yazeed.azurewebsites.net",
        "yazeed-be-app-yazeed.azurewebsites.net"
      ],
      "type": [
        "tuple",
        [
          "string",
          "string"
        ]
      ]
    }
  },
  "resources": [
    {
      "module": "module.appgw",
      "mode": "managed",
      "type": "azurerm_application_gateway",
      "name": "agw",
      "provider": "provider[\"registry.terraform.io/hashicorp/azurerm\"]",
      "instances": [
        {
          "schema_version": 0,
          "attributes": {
            "authentication_certificate": [],
            "autoscale_configuration": [
              {
                "max_capacity": 20,
                "min_capacity": 1
              }
            ],
            "backend_address_pool": [
              {
                "fqdns": [
                  "yazeed-be-app-yazeed.azurewebsites.net"
                ],
                "id": "/subscriptions/4421688c-0a8d-4588-8dd0-338c5271d0af/resourceGroups/RG-Yazeed-project2/providers/Microsoft.Network/applicationGateways/yazeed-agw-yazeed/backendAddressPools/yazeed-vnet-yazeed-beap-be",
                "ip_addresses": [],
                "name": "yazeed-vnet-yazeed-beap-be"
              },
              {
                "fqdns": [
                  "yazeed-fe-app-yazeed.azurewebsites.net"
                ],
                "id": "/subscriptions/4421688c-0a8d-4588-8dd0-338c5271d0af/resourceGroups/RG-Yazeed-project2/providers/Microsoft.Network/applicationGateways/yazeed-agw-yazeed/backendAddressPools/yazeed-vnet-yazeed-beap-fe",
                "ip_addresses": [],
                "name": "yazeed-vnet-yazeed-beap-fe"
              }
            ],
            "backend_http_settings": [
              {
                "affinity_cookie_name": "",
                "authentication_certificate": [],
                "connection_draining": [],
                "cookie_based_affinity": "Disabled",
                "host_name": "",
                "id": "/subscriptions/4421688c-0a8d-4588-8dd0-338c5271d0af/resourceGroups/RG-Yazeed-project2/providers/Microsoft.Network/applicationGateways/yazeed-agw-yazeed/backendHttpSettingsCollection/yazeed-vnet-yazeed-be-htst-be",
                "name": "yazeed-vnet-yazeed-be-htst-be",
                "path": "",
                "pick_host_name_from_backend_address": true,
                "port": 8080,
                "probe_id": "/subscriptions/4421688c-0a8d-4588-8dd0-338c5271d0af/resourceGroups/RG-Yazeed-project2/providers/Microsoft.Network/applicationGateways/yazeed-agw-yazeed/probes/yazeed-vnet-yazeed-be-probe",
                "probe_name": "yazeed-vnet-yazeed-be-probe",
                "protocol": "Http",
                "request_timeout": 60,
                "trusted_root_certificate_names": []
              },
              {
                "affinity_cookie_name": "",
                "authentication_certificate": [],
                "connection_draining": [],
                "cookie_based_affinity": "Disabled",
                "host_name": "",
                "id": "/subscriptions/4421688c-0a8d-4588-8dd0-338c5271d0af/resourceGroups/RG-Yazeed-project2/providers/Microsoft.Network/applicationGateways/yazeed-agw-yazeed/backendHttpSettingsCollection/yazeed-vnet-yazeed-be-htst-fe",
                "name": "yazeed-vnet-yazeed-be-htst-fe",
                "path": "",
                "pick_host_name_from_backend_address": true,
                "port": 80,
                "probe_id": "/subscriptions/4421688c-0a8d-4588-8dd0-338c5271d0af/resourceGroups/RG-Yazeed-project2/providers/Microsoft.Network/applicationGateways/yazeed-agw-yazeed/probes/yazeed-vnet-yazeed-fe-probe",
                "probe_name": "yazeed-vnet-yazeed-fe-probe",
                "protocol": "Http",
                "request_timeout": 60,
                "trusted_root_certificate_names": []
              }
            ],
            "custom_error_configuration": [],
            "enable_http2": false,
            "fips_enabled": false,
            "firewall_policy_id": "",
            "force_firewall_policy_association": false,
            "frontend_ip_configuration": [
              {
                "id": "/subscriptions/4421688c-0a8d-4588-8dd0-338c5271d0af/resourceGroups/RG-Yazeed-project2/providers/Microsoft.Network/applicationGateways/yazeed-agw-yazeed/frontendIPConfigurations/yazeed-vnet-yazeed-feip",
                "name": "yazeed-vnet-yazeed-feip",
                "private_ip_address": "",
                "private_ip_address_allocation": "Dynamic",
                "private_link_configuration_id": "",
                "private_link_configuration_name": "",
                "public_ip_address_id": "/subscriptions/4421688c-0a8d-4588-8dd0-338c5271d0af/resourceGroups/RG-Yazeed-project2/providers/Microsoft.Network/publicIPAddresses/yazeed-agw-pip-yazeed",
                "subnet_id": ""
              }
            ],
            "frontend_port": [
              {
                "id": "/subscriptions/4421688c-0a8d-4588-8dd0-338c5271d0af/resourceGroups/RG-Yazeed-project2/providers/Microsoft.Network/applicationGateways/yazeed-agw-yazeed/frontendPorts/yazeed-vnet-yazeed-feport",
                "name": "yazeed-vnet-yazeed-feport",
                "port": 80
              }
            ],
            "gateway_ip_configuration": [
              {
                "id": "/subscriptions/4421688c-0a8d-4588-8dd0-338c5271d0af/resourceGroups/RG-Yazeed-project2/providers/Microsoft.Network/applicationGateways/yazeed-agw-yazeed/gatewayIPConfigurations/agw-ip-config",
                "name": "agw-ip-config",
                "subnet_id": "/subscriptions/4421688c-0a8d-4588-8dd0-338c5271d0af/resourceGroups/RG-Yazeed-project2/providers/Microsoft.Network/virtualNetworks/yazeed-vnet-yazeed/subnets/agw-subnet-public1"
              }
            ],
            "global": [],
            "http_listener": [
              {
                "custom_error_configuration": [],
                "firewall_policy_id": "",
                "frontend_ip_configuration_id": "/subscriptions/4421688c-0a8d-4588-8dd0-338c5271d0af/resourceGroups/RG-Yazeed-project2/providers/Microsoft.Network/applicationGateways/yazeed-agw-yazeed/frontendIPConfigurations/yazeed-vnet-yazeed-feip",
                "frontend_ip_configuration_name": "yazeed-vnet-yazeed-feip",
                "frontend_port_id": "/subscriptions/4421688c-0a8d-4588-8dd0-338c5271d0af/resourceGroups/RG-Yazeed-project2/providers/Microsoft.Network/applicationGateways/yazeed-agw-yazeed/frontendPorts/yazeed-vnet-yazeed-feport",
                "frontend_port_name": "yazeed-vnet-yazeed-feport",
                "host_name": "",
                "host_names": [],
                "id": "/subscriptions/4421688c-0a8d-4588-8dd0-338c5271d0af/resourceGroups/RG-Yazeed-project2/providers/Microsoft.Network/applicationGateways/yazeed-agw-yazeed/httpListeners/yazeed-vnet-yazeed-httplstn",
                "name": "yazeed-vnet-yazeed-httplstn",
                "protocol": "Http",
                "require_sni": false,
                "ssl_certificate_id": "",
                "ssl_certificate_name": "",
                "ssl_profile_id": "",
                "ssl_profile_name": ""
              }
            ],
            "id": "/subscriptions/4421688c-0a8d-4588-8dd0-338c5271d0af/resourceGroups/RG-Yazeed-project2/providers/Microsoft.Network/applicationGateways/yazeed-agw-yazeed",
            "identity": [],
            "location": "centralindia",
            "name": "yazeed-agw-yazeed",
            "private_endpoint_connection": [],
            "private_link_configuration": [],
            "probe": [
              {
                "host": "",
                "id": "/subscriptions/4421688c-0a8d-4588-8dd0-338c5271d0af/resourceGroups/RG-Yazeed-project2/providers/Microsoft.Network/applicationGateways/yazeed-agw-yazeed/probes/yazeed-vnet-yazeed-be-probe",
                "interval": 30,
                "match": [
                  {
                    "body": "",
                    "status_code": [
                      "200-399"
                    ]
                  }
                ],
                "minimum_servers": 0,
                "name": "yazeed-vnet-yazeed-be-probe",
                "path": "/actuator/health",
                "pick_host_name_from_backend_http_settings": true,
                "port": 80,
                "protocol": "Http",
                "timeout": 30,
                "unhealthy_threshold": 3
              },
              {
                "host": "",
                "id": "/subscriptions/4421688c-0a8d-4588-8dd0-338c5271d0af/resourceGroups/RG-Yazeed-project2/providers/Microsoft.Network/applicationGateways/yazeed-agw-yazeed/probes/yazeed-vnet-yazeed-fe-probe",
                "interval": 60,
                "match": [
                  {
                    "body": "",
                    "status_code": [
                      "200-399"
                    ]
                  }
                ],
                "minimum_servers": 0,
                "name": "yazeed-vnet-yazeed-fe-probe",
                "path": "/",
                "pick_host_name_from_backend_http_settings": true,
                "port": 80,
                "protocol": "Http",
                "timeout": 60,
                "unhealthy_threshold": 3
              }
            ],
            "redirect_configuration": [],
            "request_routing_rule": [
              {
                "backend_address_pool_id": "",
                "backend_address_pool_name": "",
                "backend_http_settings_id": "",
                "backend_http_settings_name": "",
                "http_listener_id": "/subscriptions/4421688c-0a8d-4588-8dd0-338c5271d0af/resourceGroups/RG-Yazeed-project2/providers/Microsoft.Network/applicationGateways/yazeed-agw-yazeed/httpListeners/yazeed-vnet-yazeed-httplstn",
                "http_listener_name": "yazeed-vnet-yazeed-httplstn",
                "id": "/subscriptions/4421688c-0a8d-4588-8dd0-338c5271d0af/resourceGroups/RG-Yazeed-project2/providers/Microsoft.Network/applicationGateways/yazeed-agw-yazeed/requestRoutingRules/yazeed-vnet-yazeed-rqrt-be",
                "name": "yazeed-vnet-yazeed-rqrt-be",
                "priority": 100,
                "redirect_configuration_id": "",
                "redirect_configuration_name": "",
                "rewrite_rule_set_id": "",
                "rewrite_rule_set_name": "",
                "rule_type": "PathBasedRouting",
                "url_path_map_id": "/subscriptions/4421688c-0a8d-4588-8dd0-338c5271d0af/resourceGroups/RG-Yazeed-project2/providers/Microsoft.Network/applicationGateways/yazeed-agw-yazeed/urlPathMaps/yazeed-vnet-yazeed-path-map",
                "url_path_map_name": "yazeed-vnet-yazeed-path-map"
              }
            ],
            "resource_group_name": "RG-Yazeed-project2",
            "rewrite_rule_set": [],
            "sku": [
              {
                "capacity": 0,
                "name": "WAF_v2",
                "tier": "WAF_v2"
              }
            ],
            "ssl_certificate": [],
            "ssl_policy": [
              {
                "cipher_suites": [],
                "disabled_protocols": [],
                "min_protocol_version": "",
                "policy_name": "AppGwSslPolicy20220101",
                "policy_type": "Predefined"
              }
            ],
            "ssl_profile": [],
            "tags": {},
            "timeouts": null,
            "trusted_client_certificate": [],
            "trusted_root_certificate": [],
            "url_path_map": [
              {
                "default_backend_address_pool_id": "/subscriptions/4421688c-0a8d-4588-8dd0-338c5271d0af/resourceGroups/RG-Yazeed-project2/providers/Microsoft.Network/applicationGateways/yazeed-agw-yazeed/backendAddressPools/yazeed-vnet-yazeed-beap-fe",
                "default_backend_address_pool_name": "yazeed-vnet-yazeed-beap-fe",
                "default_backend_http_settings_id": "/subscriptions/4421688c-0a8d-4588-8dd0-338c5271d0af/resourceGroups/RG-Yazeed-project2/providers/Microsoft.Network/applicationGateways/yazeed-agw-yazeed/backendHttpSettingsCollection/yazeed-vnet-yazeed-be-htst-fe",
                "default_backend_http_settings_name": "yazeed-vnet-yazeed-be-htst-fe",
                "default_redirect_configuration_id": "",
                "default_redirect_configuration_name": "",
                "default_rewrite_rule_set_id": "",
                "default_rewrite_rule_set_name": "",
                "id": "/subscriptions/4421688c-0a8d-4588-8dd0-338c5271d0af/resourceGroups/RG-Yazeed-project2/providers/Microsoft.Network/applicationGateways/yazeed-agw-yazeed/urlPathMaps/yazeed-vnet-yazeed-path-map",
                "name": "yazeed-vnet-yazeed-path-map",
                "path_rule": [
                  {
                    "backend_address_pool_id": "/subscriptions/4421688c-0a8d-4588-8dd0-338c5271d0af/resourceGroups/RG-Yazeed-project2/providers/Microsoft.Network/applicationGateways/yazeed-agw-yazeed/backendAddressPools/yazeed-vnet-yazeed-beap-fe",
                    "backend_address_pool_name": "yazeed-vnet-yazeed-beap-fe",
                    "backend_http_settings_id": "/subscriptions/4421688c-0a8d-4588-8dd0-338c5271d0af/resourceGroups/RG-Yazeed-project2/providers/Microsoft.Network/applicationGateways/yazeed-agw-yazeed/backendHttpSettingsCollection/yazeed-vnet-yazeed-be-htst-fe",
                    "backend_http_settings_name": "yazeed-vnet-yazeed-be-htst-fe",
                    "firewall_policy_id": "",
                    "id": "/subscriptions/4421688c-0a8d-4588-8dd0-338c5271d0af/resourceGroups/RG-Yazeed-project2/providers/Microsoft.Network/applicationGateways/yazeed-agw-yazeed/urlPathMaps/yazeed-vnet-yazeed-path-map/pathRules/redir-to-fe",
                    "name": "redir-to-fe",
                    "paths": [
                      "/*"
                    ],
                    "redirect_configuration_id": "",
                    "redirect_configuration_name": "",
                    "rewrite_rule_set_id": "",
                    "rewrite_rule_set_name": ""
                  },
                  {
                    "backend_address_pool_id": "/subscriptions/4421688c-0a8d-4588-8dd0-338c5271d0af/resourceGroups/RG-Yazeed-project2/providers/Microsoft.Network/applicationGateways/yazeed-agw-yazeed/backendAddressPools/yazeed-vnet-yazeed-beap-be",
                    "backend_address_pool_name": "yazeed-vnet-yazeed-beap-be",
                    "backend_http_settings_id": "/subscriptions/4421688c-0a8d-4588-8dd0-338c5271d0af/resourceGroups/RG-Yazeed-project2/providers/Microsoft.Network/applicationGateways/yazeed-agw-yazeed/backendHttpSettingsCollection/yazeed-vnet-yazeed-be-htst-be",
                    "backend_http_settings_name": "yazeed-vnet-yazeed-be-htst-be",
                    "firewall_policy_id": "",
                    "id": "/subscriptions/4421688c-0a8d-4588-8dd0-338c5271d0af/resourceGroups/RG-Yazeed-project2/providers/Microsoft.Network/applicationGateways/yazeed-agw-yazeed/urlPathMaps/yazeed-vnet-yazeed-path-map/pathRules/redir-to-be",
                    "name": "redir-to-be",
                    "paths": [
                      "/api/*",
                      "/actuator/health"
                    ],
                    "redirect_configuration_id": "",
                    "redirect_configuration_name": "",
                    "rewrite_rule_set_id": "",
                    "rewrite_rule_set_name": ""
                  }
                ]
              }
            ],
            "waf_configuration": [
              {
                "disabled_rule_group": [],
                "enabled": true,
                "exclusion": [],
                "file_upload_limit_mb": 100,
                "firewall_mode": "Prevention",
                "max_request_body_size_kb": 128,
                "request_body_check": true,
                "rule_set_type": "OWASP",
                "rule_set_version": "3.0"
              }
            ],
            "zones": []
          },
          "sensitive_attributes": [],
          "identity_schema_version": 0,
          "identity": {
            "name": "yazeed-agw-yazeed",
            "resource_group_name": "RG-Yazeed-project2",
            "subscription_id": "4421688c-0a8d-4588-8dd0-338c5271d0af"
          },
          "private": "eyJlMmJmYjczMC1lY2FhLTExZTYtOGY4OC0zNDM2M2JjN2M0YzAiOnsiY3JlYXRlIjo1NDAwMDAwMDAwMDAwLCJkZWxldGUiOjU0MDAwMDAwMDAwMDAsInJlYWQiOjMwMDAwMDAwMDAwMCwidXBkYXRlIjo1NDAwMDAwMDAwMDAwfX0=",
          "dependencies": [
            "module.appgw.azurerm_public_ip.agw_pip",
            "module.appservice.azurerm_linux_web_app.be_app",
            "module.appservice.azurerm_linux_web_app.fe_app",
            "module.appservice.azurerm_service_plan.service_plan_be",
            "module.appservice.azurerm_service_plan.service_plan_fe",
            "module.db.azurerm_mssql_database.products_db",
            "module.db.azurerm_mssql_server.products_db_server",
            "module.resourcegroups.azurerm_resource_group.main-rg",
            "module.subnets.azurerm_subnet.agw_subnet",
            "module.subnets.azurerm_subnet.be_subnet",
            "module.subnets.azurerm_subnet.fe_subnet",
            "module.vnets.azurerm_virtual_network.vnet"
          ]
        }
      ]
    },
    {
      "module": "module.appgw",
      "mode": "managed",
      "type": "azurerm_public_ip",
      "name": "agw_pip",
      "provider": "provider[\"registry.terraform.io/hashicorp/azurerm\"]",
      "instances": [
        {
          "schema_version": 0,
          "attributes": {
            "allocation_method": "Static",
            "ddos_protection_mode": "VirtualNetworkInherited",
            "ddos_protection_plan_id": null,
            "domain_name_label": null,
            "domain_name_label_scope": null,
            "edge_zone": "",
            "fqdn": null,
            "id": "/subscriptions/4421688c-0a8d-4588-8dd0-338c5271d0af/resourceGroups/RG-Yazeed-project2/providers/Microsoft.Network/publicIPAddresses/yazeed-agw-pip-yazeed",
            "idle_timeout_in_minutes": 4,
            "ip_address": "4.213.155.113",
            "ip_tags": {},
            "ip_version": "IPv4",
            "location": "centralindia",
            "name": "yazeed-agw-pip-yazeed",
            "public_ip_prefix_id": null,
            "resource_group_name": "RG-Yazeed-project2",
            "reverse_fqdn": null,
            "sku": "Standard",
            "sku_tier": "Regional",
            "tags": {},
            "timeouts": null,
            "zones": []
          },
          "sensitive_attributes": [],
          "identity_schema_version": 0,
          "private": "eyJlMmJmYjczMC1lY2FhLTExZTYtOGY4OC0zNDM2M2JjN2M0YzAiOnsiY3JlYXRlIjoxODAwMDAwMDAwMDAwLCJkZWxldGUiOjE4MDAwMDAwMDAwMDAsInJlYWQiOjMwMDAwMDAwMDAwMCwidXBkYXRlIjoxODAwMDAwMDAwMDAwfX0=",
          "dependencies": [
            "module.resourcegroups.azurerm_resource_group.main-rg"
          ]
        }
      ]
    },
    {
      "module": "module.appservice",
      "mode": "managed",
      "type": "azurerm_linux_web_app",
      "name": "be_app",
      "provider": "provider[\"registry.terraform.io/hashicorp/azurerm\"]",
      "instances": [
        {
          "schema_version": 1,
          "attributes": {
            "app_settings": {
              "ASPNETCORE_URLS": "http://+:8080",
              "CORS_ALLOWED_ORIGINS": "4.213.155.113",
              "DB_DRIVER": "com.microsoft.sqlserver.jdbc.SQLServerDriver",
              "DB_HOST": "yazeed-db-server-yazeed.database.windows.net",
              "DB_NAME": "yazeed-db-yazeed",
              "DB_PASSWORD": "Db!2025@Complex#Pass1",
              "DB_PORT": "1433",
              "DB_USERNAME": "yazeed",
              "PORT": "8080",
              "SERVER_PORT": "8080",
              "SPRING_PROFILES_ACTIVE": "azure",
              "WEBSITE_PORT": "8080"
            },
            "auth_settings": [],
            "auth_settings_v2": [],
            "backup": [],
            "client_affinity_enabled": false,
            "client_certificate_enabled": false,
            "client_certificate_exclusion_paths": "",
            "client_certificate_mode": "Required",
            "connection_string": [],
            "custom_domain_verification_id": "C5629A918A3FA55FF147545881A75721689136F00C9C862C48493941404CBD3C",
            "default_hostname": "yazeed-be-app-yazeed.azurewebsites.net",
            "enabled": true,
            "ftp_publish_basic_authentication_enabled": true,
            "hosting_environment_id": "",
            "https_only": false,
            "id": "/subscriptions/4421688c-0a8d-4588-8dd0-338c5271d0af/resourceGroups/RG-Yazeed-project2/providers/Microsoft.Web/sites/yazeed-be-app-yazeed",
            "identity": [],
            "key_vault_reference_identity_id": "SystemAssigned",
            "kind": "app,linux,container",
            "location": "centralindia",
            "logs": [],
            "name": "yazeed-be-app-yazeed",
            "outbound_ip_address_list": [
              "20.207.68.143",
              "20.207.69.99",
              "20.207.69.107",
              "20.219.168.55",
              "20.219.170.81",
              "20.219.171.95",
              "20.192.170.13"
            ],
            "outbound_ip_addresses": "20.207.68.143,20.207.69.99,20.207.69.107,20.219.168.55,20.219.170.81,20.219.171.95,20.192.170.13",
            "possible_outbound_ip_address_list": [
              "20.219.172.33",
              "20.219.172.222",
              "20.219.172.232",
              "20.219.172.234",
              "20.219.173.8",
              "20.219.173.11",
              "20.204.238.158",
              "20.204.238.240",
              "20.204.239.24",
              "20.204.239.60",
              "20.204.239.243",
              "20.207.65.31",
              "20.207.65.117",
              "20.207.65.233",
              "20.207.66.77",
              "20.207.66.144",
              "20.207.66.178",
              "20.207.68.21",
              "20.207.68.143",
              "20.207.69.99",
              "20.207.69.107",
              "20.219.168.55",
              "20.219.170.81",
              "20.219.171.95",
              "20.219.173.16",
              "20.219.173.22",
              "20.219.173.67",
              "20.219.173.80",
              "20.219.173.108",
              "20.219.173.119",
              "20.192.170.13"
            ],
            "possible_outbound_ip_addresses": "20.219.172.33,20.219.172.222,20.219.172.232,20.219.172.234,20.219.173.8,20.219.173.11,20.204.238.158,20.204.238.240,20.204.239.24,20.204.239.60,20.204.239.243,20.207.65.31,20.207.65.117,20.207.65.233,20.207.66.77,20.207.66.144,20.207.66.178,20.207.68.21,20.207.68.143,20.207.69.99,20.207.69.107,20.219.168.55,20.219.170.81,20.219.171.95,20.219.173.16,20.219.173.22,20.219.173.67,20.219.173.80,20.219.173.108,20.219.173.119,20.192.170.13",
            "public_network_access_enabled": true,
            "resource_group_name": "RG-Yazeed-project2",
            "service_plan_id": "/subscriptions/4421688c-0a8d-4588-8dd0-338c5271d0af/resourceGroups/RG-Yazeed-project2/providers/Microsoft.Web/serverFarms/yazeed-be-service-plan-yazeed",
            "site_config": [
              {
                "always_on": true,
                "api_definition_url": "",
                "api_management_api_id": "",
                "app_command_line": "",
                "application_stack": [
                  {
                    "docker_image_name": "yazeed10/yazeed-burger-frontend:latest",
                    "docker_registry_password": "",
                    "docker_registry_url": "https://index.docker.io",
                    "docker_registry_username": "",
                    "dotnet_version": "",
                    "go_version": "",
                    "java_server": "",
                    "java_server_version": "",
                    "java_version": "",
                    "node_version": "",
                    "php_version": "",
                    "python_version": "",
                    "ruby_version": ""
                  }
                ],
                "auto_heal_setting": [],
                "container_registry_managed_identity_client_id": "",
                "container_registry_use_managed_identity": false,
                "cors": [
                  {
                    "allowed_origins": [
                      "4.213.155.113"
                    ],
                    "support_credentials": false
                  }
                ],
                "default_documents": [
                  "Default.htm",
                  "Default.html",
                  "Default.asp",
                  "index.htm",
                  "index.html",
                  "iisstart.htm",
                  "default.aspx",
                  "index.php",
                  "hostingstart.html"
                ],
                "detailed_error_logging_enabled": false,
                "ftps_state": "Disabled",
                "health_check_eviction_time_in_min": 5,
                "health_check_path": "/",
                "http2_enabled": false,
                "ip_restriction": [
                  {
                    "action": "Allow",
                    "description": "",
                    "headers": [],
                    "ip_address": "",
                    "name": "allow-agw",
                    "priority": 100,
                    "service_tag": "",
                    "virtual_network_subnet_id": "/subscriptions/4421688c-0a8d-4588-8dd0-338c5271d0af/resourceGroups/RG-Yazeed-project2/providers/Microsoft.Network/virtualNetworks/yazeed-vnet-yazeed/subnets/agw-subnet-public1"
                  },
                  {
                    "action": "Deny",
                    "description": "",
                    "headers": [],
                    "ip_address": "0.0.0.0/0",
                    "name": "deny-all",
                    "priority": 200,
                    "service_tag": "",
                    "virtual_network_subnet_id": ""
                  }
                ],
                "ip_restriction_default_action": "Allow",
                "linux_fx_version": "DOCKER|index.docker.io/yazeed10/yazeed-burger-frontend:latest",
                "load_balancing_mode": "LeastRequests",
                "local_mysql_enabled": false,
                "managed_pipeline_mode": "Integrated",
                "minimum_tls_version": "1.2",
                "remote_debugging_enabled": false,
                "remote_debugging_version": "VS2022",
                "scm_ip_restriction": [],
                "scm_ip_restriction_default_action": "Allow",
                "scm_minimum_tls_version": "1.2",
                "scm_type": "None",
                "scm_use_main_ip_restriction": false,
                "use_32_bit_worker": true,
                "vnet_route_all_enabled": false,
                "websockets_enabled": false,
                "worker_count": 1
              }
            ],
            "site_credential": [
              {
                "name": "$yazeed-be-app-yazeed",
                "password": "c475T8Bbxc7B5lHu4wCovJPiynXZX0gl6wpwFcJaYFc7W46bxaXuzQ2aBCwh"
              }
            ],
            "sticky_settings": [],
            "storage_account": [],
            "tags": {},
            "timeouts": null,
            "virtual_network_backup_restore_enabled": false,
            "virtual_network_subnet_id": "/subscriptions/4421688c-0a8d-4588-8dd0-338c5271d0af/resourceGroups/RG-Yazeed-project2/providers/Microsoft.Network/virtualNetworks/yazeed-vnet-yazeed/subnets/be-subnet-private1",
            "vnet_image_pull_enabled": true,
            "webdeploy_publish_basic_authentication_enabled": true,
            "zip_deploy_file": ""
          },
          "sensitive_attributes": [
            [
              {
                "type": "get_attr",
                "value": "app_settings"
              },
              {
                "type": "index",
                "value": {
                  "value": "DB_PASSWORD",
                  "type": "string"
                }
              }
            ],
            [
              {
                "type": "get_attr",
                "value": "app_settings"
              },
              {
                "type": "index",
                "value": {
                  "value": "DB_USERNAME",
                  "type": "string"
                }
              }
            ],
            [
              {
                "type": "get_attr",
                "value": "custom_domain_verification_id"
              }
            ],
            [
              {
                "type": "get_attr",
                "value": "site_config"
              },
              {
                "type": "index",
                "value": {
                  "value": 0,
                  "type": "number"
                }
              },
              {
                "type": "get_attr",
                "value": "application_stack"
              },
              {
                "type": "index",
                "value": {
                  "value": 0,
                  "type": "number"
                }
              },
              {
                "type": "get_attr",
                "value": "docker_registry_password"
              }
            ],
            [
              {
                "type": "get_attr",
                "value": "site_credential"
              }
            ]
          ],
          "identity_schema_version": 0,
          "private": "eyJlMmJmYjczMC1lY2FhLTExZTYtOGY4OC0zNDM2M2JjN2M0YzAiOnsiY3JlYXRlIjoxODAwMDAwMDAwMDAwLCJkZWxldGUiOjE4MDAwMDAwMDAwMDAsInJlYWQiOjMwMDAwMDAwMDAwMCwidXBkYXRlIjoxODAwMDAwMDAwMDAwfSwic2NoZW1hX3ZlcnNpb24iOiIxIn0=",
          "dependencies": [
            "module.appgw.azurerm_public_ip.agw_pip",
            "module.appservice.azurerm_service_plan.service_plan_be",
            "module.db.azurerm_mssql_database.products_db",
            "module.db.azurerm_mssql_server.products_db_server",
            "module.resourcegroups.azurerm_resource_group.main-rg",
            "module.subnets.azurerm_subnet.agw_subnet",
            "module.subnets.azurerm_subnet.be_subnet",
            "module.vnets.azurerm_virtual_network.vnet"
          ]
        }
      ]
    },
    {
      "module": "module.appservice",
      "mode": "managed",
      "type": "azurerm_linux_web_app",
      "name": "fe_app",
      "provider": "provider[\"registry.terraform.io/hashicorp/azurerm\"]",
      "instances": [
        {
          "schema_version": 1,
          "attributes": {
            "app_settings": {
              "PORT": "80",
              "VITE_API_BASE_URL": "http://4.213.155.113",
              "WEBSITE_PORT": "80"
            },
            "auth_settings": [],
            "auth_settings_v2": [],
            "backup": [],
            "client_affinity_enabled": false,
            "client_certificate_enabled": false,
            "client_certificate_exclusion_paths": "",
            "client_certificate_mode": "Required",
            "connection_string": [],
            "custom_domain_verification_id": "C5629A918A3FA55FF147545881A75721689136F00C9C862C48493941404CBD3C",
            "default_hostname": "yazeed-fe-app-yazeed.azurewebsites.net",
            "enabled": true,
            "ftp_publish_basic_authentication_enabled": true,
            "hosting_environment_id": "",
            "https_only": false,
            "id": "/subscriptions/4421688c-0a8d-4588-8dd0-338c5271d0af/resourceGroups/RG-Yazeed-project2/providers/Microsoft.Web/sites/yazeed-fe-app-yazeed",
            "identity": [],
            "key_vault_reference_identity_id": "SystemAssigned",
            "kind": "app,linux,container",
            "location": "centralindia",
            "logs": [],
            "name": "yazeed-fe-app-yazeed",
            "outbound_ip_address_list": [
              "20.207.68.143",
              "20.207.69.99",
              "20.207.69.107",
              "20.219.168.55",
              "20.219.170.81",
              "20.219.171.95",
              "20.192.170.13"
            ],
            "outbound_ip_addresses": "20.207.68.143,20.207.69.99,20.207.69.107,20.219.168.55,20.219.170.81,20.219.171.95,20.192.170.13",
            "possible_outbound_ip_address_list": [
              "20.219.172.33",
              "20.219.172.222",
              "20.219.172.232",
              "20.219.172.234",
              "20.219.173.8",
              "20.219.173.11",
              "20.204.238.158",
              "20.204.238.240",
              "20.204.239.24",
              "20.204.239.60",
              "20.204.239.243",
              "20.207.65.31",
              "20.207.65.117",
              "20.207.65.233",
              "20.207.66.77",
              "20.207.66.144",
              "20.207.66.178",
              "20.207.68.21",
              "20.207.68.143",
              "20.207.69.99",
              "20.207.69.107",
              "20.219.168.55",
              "20.219.170.81",
              "20.219.171.95",
              "20.219.173.16",
              "20.219.173.22",
              "20.219.173.67",
              "20.219.173.80",
              "20.219.173.108",
              "20.219.173.119",
              "20.192.170.13"
            ],
            "possible_outbound_ip_addresses": "20.219.172.33,20.219.172.222,20.219.172.232,20.219.172.234,20.219.173.8,20.219.173.11,20.204.238.158,20.204.238.240,20.204.239.24,20.204.239.60,20.204.239.243,20.207.65.31,20.207.65.117,20.207.65.233,20.207.66.77,20.207.66.144,20.207.66.178,20.207.68.21,20.207.68.143,20.207.69.99,20.207.69.107,20.219.168.55,20.219.170.81,20.219.171.95,20.219.173.16,20.219.173.22,20.219.173.67,20.219.173.80,20.219.173.108,20.219.173.119,20.192.170.13",
            "public_network_access_enabled": true,
            "resource_group_name": "RG-Yazeed-project2",
            "service_plan_id": "/subscriptions/4421688c-0a8d-4588-8dd0-338c5271d0af/resourceGroups/RG-Yazeed-project2/providers/Microsoft.Web/serverFarms/yazeed-fe-service-plan-yazeed",
            "site_config": [
              {
                "always_on": true,
                "api_definition_url": "",
                "api_management_api_id": "",
                "app_command_line": "",
                "application_stack": [
                  {
                    "docker_image_name": "yazeed10/yazeed-burger-frontend:latest",
                    "docker_registry_password": "",
                    "docker_registry_url": "",
                    "docker_registry_username": "",
                    "dotnet_version": "",
                    "go_version": "",
                    "java_server": "",
                    "java_server_version": "",
                    "java_version": "",
                    "node_version": "",
                    "php_version": "",
                    "python_version": "",
                    "ruby_version": ""
                  }
                ],
                "auto_heal_setting": [],
                "container_registry_managed_identity_client_id": "",
                "container_registry_use_managed_identity": false,
                "cors": [],
                "default_documents": [
                  "Default.htm",
                  "Default.html",
                  "Default.asp",
                  "index.htm",
                  "index.html",
                  "iisstart.htm",
                  "default.aspx",
                  "index.php",
                  "hostingstart.html"
                ],
                "detailed_error_logging_enabled": false,
                "ftps_state": "Disabled",
                "health_check_eviction_time_in_min": 5,
                "health_check_path": "/",
                "http2_enabled": false,
                "ip_restriction": [
                  {
                    "action": "Allow",
                    "description": "",
                    "headers": [],
                    "ip_address": "",
                    "name": "allow-agw",
                    "priority": 100,
                    "service_tag": "",
                    "virtual_network_subnet_id": "/subscriptions/4421688c-0a8d-4588-8dd0-338c5271d0af/resourceGroups/RG-Yazeed-project2/providers/Microsoft.Network/virtualNetworks/yazeed-vnet-yazeed/subnets/agw-subnet-public1"
                  },
                  {
                    "action": "Deny",
                    "description": "",
                    "headers": [],
                    "ip_address": "0.0.0.0/0",
                    "name": "deny-all",
                    "priority": 200,
                    "service_tag": "",
                    "virtual_network_subnet_id": ""
                  }
                ],
                "ip_restriction_default_action": "Allow",
                "linux_fx_version": "DOCKER|/yazeed10/yazeed-burger-frontend:latest",
                "load_balancing_mode": "LeastRequests",
                "local_mysql_enabled": false,
                "managed_pipeline_mode": "Integrated",
                "minimum_tls_version": "1.2",
                "remote_debugging_enabled": false,
                "remote_debugging_version": "VS2022",
                "scm_ip_restriction": [],
                "scm_ip_restriction_default_action": "Allow",
                "scm_minimum_tls_version": "1.2",
                "scm_type": "None",
                "scm_use_main_ip_restriction": false,
                "use_32_bit_worker": true,
                "vnet_route_all_enabled": false,
                "websockets_enabled": false,
                "worker_count": 1
              }
            ],
            "site_credential": [
              {
                "name": "$yazeed-fe-app-yazeed",
                "password": "t7wGedJwnsysvBLrrF2p9QZdwnkSvkR92BoN3kotdkDb0weJ8K1JFKSkPMM2"
              }
            ],
            "sticky_settings": [],
            "storage_account": [],
            "tags": {},
            "timeouts": null,
            "virtual_network_backup_restore_enabled": false,
            "virtual_network_subnet_id": "/subscriptions/4421688c-0a8d-4588-8dd0-338c5271d0af/resourceGroups/RG-Yazeed-project2/providers/Microsoft.Network/virtualNetworks/yazeed-vnet-yazeed/subnets/fe-subnet-private1",
            "vnet_image_pull_enabled": false,
            "webdeploy_publish_basic_authentication_enabled": true,
            "zip_deploy_file": ""
          },
          "sensitive_attributes": [
            [
              {
                "type": "get_attr",
                "value": "custom_domain_verification_id"
              }
            ],
            [
              {
                "type": "get_attr",
                "value": "site_config"
              },
              {
                "type": "index",
                "value": {
                  "value": 0,
                  "type": "number"
                }
              },
              {
                "type": "get_attr",
                "value": "application_stack"
              },
              {
                "type": "index",
                "value": {
                  "value": 0,
                  "type": "number"
                }
              },
              {
                "type": "get_attr",
                "value": "docker_registry_password"
              }
            ],
            [
              {
                "type": "get_attr",
                "value": "site_credential"
              }
            ]
          ],
          "identity_schema_version": 0,
          "private": "eyJlMmJmYjczMC1lY2FhLTExZTYtOGY4OC0zNDM2M2JjN2M0YzAiOnsiY3JlYXRlIjoxODAwMDAwMDAwMDAwLCJkZWxldGUiOjE4MDAwMDAwMDAwMDAsInJlYWQiOjMwMDAwMDAwMDAwMCwidXBkYXRlIjoxODAwMDAwMDAwMDAwfSwic2NoZW1hX3ZlcnNpb24iOiIxIn0=",
          "dependencies": [
            "module.appgw.azurerm_public_ip.agw_pip",
            "module.appservice.azurerm_service_plan.service_plan_fe",
            "module.resourcegroups.azurerm_resource_group.main-rg",
            "module.subnets.azurerm_subnet.agw_subnet",
            "module.subnets.azurerm_subnet.fe_subnet",
            "module.vnets.azurerm_virtual_network.vnet"
          ]
        }
      ]
    },
    {
      "module": "module.appservice",
      "mode": "managed",
      "type": "azurerm_service_plan",
      "name": "service_plan_be",
      "provider": "provider[\"registry.terraform.io/hashicorp/azurerm\"]",
      "instances": [
        {
          "schema_version": 1,
          "attributes": {
            "app_service_environment_id": "",
            "id": "/subscriptions/4421688c-0a8d-4588-8dd0-338c5271d0af/resourceGroups/RG-Yazeed-project2/providers/Microsoft.Web/serverFarms/yazeed-be-service-plan-yazeed",
            "kind": "linux",
            "location": "centralindia",
            "maximum_elastic_worker_count": 1,
            "name": "yazeed-be-service-plan-yazeed",
            "os_type": "Linux",
            "per_site_scaling_enabled": false,
            "premium_plan_auto_scale_enabled": false,
            "reserved": true,
            "resource_group_name": "RG-Yazeed-project2",
            "sku_name": "P1v3",
            "tags": {},
            "timeouts": null,
            "worker_count": 1,
            "zone_balancing_enabled": false
          },
          "sensitive_attributes": [],
          "identity_schema_version": 0,
          "private": "eyJlMmJmYjczMC1lY2FhLTExZTYtOGY4OC0zNDM2M2JjN2M0YzAiOnsiY3JlYXRlIjozNjAwMDAwMDAwMDAwLCJkZWxldGUiOjM2MDAwMDAwMDAwMDAsInJlYWQiOjMwMDAwMDAwMDAwMCwidXBkYXRlIjozNjAwMDAwMDAwMDAwfSwic2NoZW1hX3ZlcnNpb24iOiIxIn0=",
          "dependencies": [
            "module.resourcegroups.azurerm_resource_group.main-rg"
          ]
        }
      ]
    },
    {
      "module": "module.appservice",
      "mode": "managed",
      "type": "azurerm_service_plan",
      "name": "service_plan_fe",
      "provider": "provider[\"registry.terraform.io/hashicorp/azurerm\"]",
      "instances": [
        {
          "schema_version": 1,
          "attributes": {
            "app_service_environment_id": "",
            "id": "/subscriptions/4421688c-0a8d-4588-8dd0-338c5271d0af/resourceGroups/RG-Yazeed-project2/providers/Microsoft.Web/serverFarms/yazeed-fe-service-plan-yazeed",
            "kind": "linux",
            "location": "centralindia",
            "maximum_elastic_worker_count": 1,
            "name": "yazeed-fe-service-plan-yazeed",
            "os_type": "Linux",
            "per_site_scaling_enabled": false,
            "premium_plan_auto_scale_enabled": false,
            "reserved": true,
            "resource_group_name": "RG-Yazeed-project2",
            "sku_name": "P1v3",
            "tags": {},
            "timeouts": null,
            "worker_count": 1,
            "zone_balancing_enabled": false
          },
          "sensitive_attributes": [],
          "identity_schema_version": 0,
          "private": "eyJlMmJmYjczMC1lY2FhLTExZTYtOGY4OC0zNDM2M2JjN2M0YzAiOnsiY3JlYXRlIjozNjAwMDAwMDAwMDAwLCJkZWxldGUiOjM2MDAwMDAwMDAwMDAsInJlYWQiOjMwMDAwMDAwMDAwMCwidXBkYXRlIjozNjAwMDAwMDAwMDAwfSwic2NoZW1hX3ZlcnNpb24iOiIxIn0=",
          "dependencies": [
            "module.resourcegroups.azurerm_resource_group.main-rg"
          ]
        }
      ]
    },
    {
      "module": "module.db",
      "mode": "managed",
      "type": "azurerm_mssql_database",
      "name": "products_db",
      "provider": "provider[\"registry.terraform.io/hashicorp/azurerm\"]",
      "instances": [
        {
          "schema_version": 1,
          "attributes": {
            "auto_pause_delay_in_minutes": 60,
            "collation": "SQL_Latin1_General_CP1_CI_AS",
            "create_mode": "Default",
            "creation_source_database_id": null,
            "elastic_pool_id": "",
            "enclave_type": "",
            "geo_backup_enabled": true,
            "id": "/subscriptions/4421688c-0a8d-4588-8dd0-338c5271d0af/resourceGroups/RG-Yazeed-project2/providers/Microsoft.Sql/servers/yazeed-db-server-yazeed/databases/yazeed-db-yazeed",
            "identity": [],
            "import": [],
            "ledger_enabled": false,
            "license_type": "",
            "long_term_retention_policy": [
              {
                "immutable_backups_enabled": false,
                "monthly_retention": "PT0S",
                "week_of_year": 1,
                "weekly_retention": "PT0S",
                "yearly_retention": "PT0S"
              }
            ],
            "maintenance_configuration_name": "SQL_Default",
            "max_size_gb": 4,
            "min_capacity": 0.5,
            "name": "yazeed-db-yazeed",
            "read_replica_count": 0,
            "read_scale": false,
            "recover_database_id": null,
            "recovery_point_id": null,
            "restore_dropped_database_id": null,
            "restore_long_term_retention_backup_id": null,
            "restore_point_in_time": null,
            "sample_name": "AdventureWorksLT",
            "secondary_type": "",
            "server_id": "/subscriptions/4421688c-0a8d-4588-8dd0-338c5271d0af/resourceGroups/RG-Yazeed-project2/providers/Microsoft.Sql/servers/yazeed-db-server-yazeed",
            "short_term_retention_policy": [
              {
                "backup_interval_in_hours": 12,
                "retention_days": 7
              }
            ],
            "sku_name": "GP_S_Gen5_1",
            "storage_account_type": "Geo",
            "tags": {},
            "threat_detection_policy": [
              {
                "disabled_alerts": [],
                "email_account_admins": "Disabled",
                "email_addresses": [],
                "retention_days": 0,
                "state": "Disabled",
                "storage_account_access_key": "",
                "storage_endpoint": ""
              }
            ],
            "timeouts": null,
            "transparent_data_encryption_enabled": true,
            "transparent_data_encryption_key_automatic_rotation_enabled": false,
            "transparent_data_encryption_key_vault_key_id": "",
            "zone_redundant": false
          },
          "sensitive_attributes": [
            [
              {
                "type": "get_attr",
                "value": "threat_detection_policy"
              },
              {
                "type": "index",
                "value": {
                  "value": 0,
                  "type": "number"
                }
              },
              {
                "type": "get_attr",
                "value": "storage_account_access_key"
              }
            ]
          ],
          "identity_schema_version": 0,
          "private": "eyJlMmJmYjczMC1lY2FhLTExZTYtOGY4OC0zNDM2M2JjN2M0YzAiOnsiY3JlYXRlIjozNjAwMDAwMDAwMDAwLCJkZWxldGUiOjM2MDAwMDAwMDAwMDAsInJlYWQiOjMwMDAwMDAwMDAwMCwidXBkYXRlIjozNjAwMDAwMDAwMDAwfSwic2NoZW1hX3ZlcnNpb24iOiIxIn0=",
          "dependencies": [
            "module.db.azurerm_mssql_server.products_db_server",
            "module.resourcegroups.azurerm_resource_group.main-rg"
          ]
        }
      ]
    },
    {
      "module": "module.db",
      "mode": "managed",
      "type": "azurerm_mssql_server",
      "name": "products_db_server",
      "provider": "provider[\"registry.terraform.io/hashicorp/azurerm\"]",
      "instances": [
        {
          "schema_version": 0,
          "attributes": {
            "administrator_login": "yazeed",
            "administrator_login_password": "Db!2025@Complex#Pass1",
            "administrator_login_password_wo": null,
            "administrator_login_password_wo_version": 0,
            "azuread_administrator": [],
            "connection_policy": "Default",
            "express_vulnerability_assessment_enabled": false,
            "fully_qualified_domain_name": "yazeed-db-server-yazeed.database.windows.net",
            "id": "/subscriptions/4421688c-0a8d-4588-8dd0-338c5271d0af/resourceGroups/RG-Yazeed-project2/providers/Microsoft.Sql/servers/yazeed-db-server-yazeed",
            "identity": [],
            "location": "centralindia",
            "minimum_tls_version": "1.2",
            "name": "yazeed-db-server-yazeed",
            "outbound_network_restriction_enabled": false,
            "primary_user_assigned_identity_id": "",
            "public_network_access_enabled": false,
            "resource_group_name": "RG-Yazeed-project2",
            "restorable_dropped_database_ids": [],
            "tags": {},
            "timeouts": null,
            "transparent_data_encryption_key_vault_key_id": "",
            "version": "12.0"
          },
          "sensitive_attributes": [
            [
              {
                "type": "get_attr",
                "value": "administrator_login"
              }
            ],
            [
              {
                "type": "get_attr",
                "value": "administrator_login_password"
              }
            ],
            [
              {
                "type": "get_attr",
                "value": "administrator_login_password_wo"
              }
            ]
          ],
          "identity_schema_version": 0,
          "private": "eyJlMmJmYjczMC1lY2FhLTExZTYtOGY4OC0zNDM2M2JjN2M0YzAiOnsiY3JlYXRlIjozNjAwMDAwMDAwMDAwLCJkZWxldGUiOjM2MDAwMDAwMDAwMDAsInJlYWQiOjMwMDAwMDAwMDAwMCwidXBkYXRlIjozNjAwMDAwMDAwMDAwfX0=",
          "dependencies": [
            "module.resourcegroups.azurerm_resource_group.main-rg"
          ]
        }
      ]
    },
    {
      "module": "module.db",
      "mode": "managed",
      "type": "azurerm_private_dns_zone",
      "name": "sql_zone",
      "provider": "provider[\"registry.terraform.io/hashicorp/azurerm\"]",
      "instances": [
        {
          "schema_version": 0,
          "attributes": {
            "id": "/subscriptions/4421688c-0a8d-4588-8dd0-338c5271d0af/resourceGroups/RG-Yazeed-project2/providers/Microsoft.Network/privateDnsZones/privatelink.database.windows.net",
            "max_number_of_record_sets": 25000,
            "max_number_of_virtual_network_links": 1000,
            "max_number_of_virtual_network_links_with_registration": 100,
            "name": "privatelink.database.windows.net",
            "number_of_record_sets": 2,
            "resource_group_name": "RG-Yazeed-project2",
            "soa_record": [
              {
                "email": "azureprivatedns-host.microsoft.com",
                "expire_time": 2419200,
                "fqdn": "privatelink.database.windows.net.",
                "host_name": "azureprivatedns.net",
                "minimum_ttl": 10,
                "refresh_time": 3600,
                "retry_time": 300,
                "serial_number": 1,
                "tags": {},
                "ttl": 3600
              }
            ],
            "tags": {},
            "timeouts": null
          },
          "sensitive_attributes": [],
          "identity_schema_version": 0,
          "identity": {
            "name": "privatelink.database.windows.net",
            "resource_group_name": "RG-Yazeed-project2",
            "subscription_id": "4421688c-0a8d-4588-8dd0-338c5271d0af"
          },
          "private": "eyJlMmJmYjczMC1lY2FhLTExZTYtOGY4OC0zNDM2M2JjN2M0YzAiOnsiY3JlYXRlIjoxODAwMDAwMDAwMDAwLCJkZWxldGUiOjE4MDAwMDAwMDAwMDAsInJlYWQiOjMwMDAwMDAwMDAwMCwidXBkYXRlIjoxODAwMDAwMDAwMDAwfX0=",
          "dependencies": [
            "module.resourcegroups.azurerm_resource_group.main-rg"
          ]
        }
      ]
    },
    {
      "module": "module.db",
      "mode": "managed",
      "type": "azurerm_private_dns_zone_virtual_network_link",
      "name": "pdns_vnet_link",
      "provider": "provider[\"registry.terraform.io/hashicorp/azurerm\"]",
      "instances": [
        {
          "schema_version": 0,
          "attributes": {
            "id": "/subscriptions/4421688c-0a8d-4588-8dd0-338c5271d0af/resourceGroups/RG-Yazeed-project2/providers/Microsoft.Network/privateDnsZones/privatelink.database.windows.net/virtualNetworkLinks/pdns-vnet-link",
            "name": "pdns-vnet-link",
            "private_dns_zone_name": "privatelink.database.windows.net",
            "registration_enabled": false,
            "resolution_policy": "Default",
            "resource_group_name": "RG-Yazeed-project2",
            "tags": {},
            "timeouts": null,
            "virtual_network_id": "/subscriptions/4421688c-0a8d-4588-8dd0-338c5271d0af/resourceGroups/RG-Yazeed-project2/providers/Microsoft.Network/virtualNetworks/yazeed-vnet-yazeed"
          },
          "sensitive_attributes": [],
          "identity_schema_version": 0,
          "identity": {
            "name": "pdns-vnet-link",
            "private_dns_zone_name": "privatelink.database.windows.net",
            "resource_group_name": "RG-Yazeed-project2",
            "subscription_id": "4421688c-0a8d-4588-8dd0-338c5271d0af"
          },
          "private": "eyJlMmJmYjczMC1lY2FhLTExZTYtOGY4OC0zNDM2M2JjN2M0YzAiOnsiY3JlYXRlIjoxODAwMDAwMDAwMDAwLCJkZWxldGUiOjE4MDAwMDAwMDAwMDAsInJlYWQiOjMwMDAwMDAwMDAwMCwidXBkYXRlIjoxODAwMDAwMDAwMDAwfX0=",
          "dependencies": [
            "module.db.azurerm_private_dns_zone.sql_zone",
            "module.resourcegroups.azurerm_resource_group.main-rg",
            "module.vnets.azurerm_virtual_network.vnet"
          ]
        }
      ]
    },
    {
      "module": "module.db",
      "mode": "managed",
      "type": "azurerm_private_endpoint",
      "name": "sql_pe",
      "provider": "provider[\"registry.terraform.io/hashicorp/azurerm\"]",
      "instances": [
        {
          "schema_version": 0,
          "attributes": {
            "custom_dns_configs": [],
            "custom_network_interface_name": "",
            "id": "/subscriptions/4421688c-0a8d-4588-8dd0-338c5271d0af/resourceGroups/RG-Yazeed-project2/providers/Microsoft.Network/privateEndpoints/sql-private-endpoint",
            "ip_configuration": [],
            "location": "centralindia",
            "name": "sql-private-endpoint",
            "network_interface": [
              {
                "id": "/subscriptions/4421688c-0a8d-4588-8dd0-338c5271d0af/resourceGroups/RG-Yazeed-project2/providers/Microsoft.Network/networkInterfaces/sql-private-endpoint.nic.3055c868-5e14-499f-894f-a0ea9847b550",
                "name": "sql-private-endpoint.nic.3055c868-5e14-499f-894f-a0ea9847b550"
              }
            ],
            "private_dns_zone_configs": [
              {
                "id": "/subscriptions/4421688c-0a8d-4588-8dd0-338c5271d0af/resourceGroups/RG-Yazeed-project2/providers/Microsoft.Network/privateEndpoints/sql-private-endpoint/privateDnsZoneGroups/sql-dns-zone-group/privateDnsZoneConfigs/privatelink.database.windows.net",
                "name": "privatelink.database.windows.net",
                "private_dns_zone_id": "/subscriptions/4421688c-0a8d-4588-8dd0-338c5271d0af/resourceGroups/RG-Yazeed-project2/providers/Microsoft.Network/privateDnsZones/privatelink.database.windows.net",
                "record_sets": [
                  {
                    "fqdn": "yazeed-db-server-yazeed.privatelink.database.windows.net",
                    "ip_addresses": [
                      "10.0.1.4"
                    ],
                    "name": "yazeed-db-server-yazeed",
                    "ttl": 10,
                    "type": "A"
                  }
                ]
              }
            ],
            "private_dns_zone_group": [
              {
                "id": "/subscriptions/4421688c-0a8d-4588-8dd0-338c5271d0af/resourceGroups/RG-Yazeed-project2/providers/Microsoft.Network/privateEndpoints/sql-private-endpoint/privateDnsZoneGroups/sql-dns-zone-group",
                "name": "sql-dns-zone-group",
                "private_dns_zone_ids": [
                  "/subscriptions/4421688c-0a8d-4588-8dd0-338c5271d0af/resourceGroups/RG-Yazeed-project2/providers/Microsoft.Network/privateDnsZones/privatelink.database.windows.net"
                ]
              }
            ],
            "private_service_connection": [
              {
                "is_manual_connection": false,
                "name": "sql-connection-private",
                "private_connection_resource_alias": "",
                "private_connection_resource_id": "/subscriptions/4421688c-0a8d-4588-8dd0-338c5271d0af/resourceGroups/RG-Yazeed-project2/providers/Microsoft.Sql/servers/yazeed-db-server-yazeed",
                "private_ip_address": "10.0.1.4",
                "request_message": "",
                "subresource_names": [
                  "sqlServer"
                ]
              }
            ],
            "resource_group_name": "RG-Yazeed-project2",
            "subnet_id": "/subscriptions/4421688c-0a8d-4588-8dd0-338c5271d0af/resourceGroups/RG-Yazeed-project2/providers/Microsoft.Network/virtualNetworks/yazeed-vnet-yazeed/subnets/pe-subnet-private1",
            "tags": {},
            "timeouts": null
          },
          "sensitive_attributes": [],
          "identity_schema_version": 0,
          "identity": {
            "name": "sql-private-endpoint",
            "resource_group_name": "RG-Yazeed-project2",
            "subscription_id": "4421688c-0a8d-4588-8dd0-338c5271d0af"
          },
          "private": "eyJlMmJmYjczMC1lY2FhLTExZTYtOGY4OC0zNDM2M2JjN2M0YzAiOnsiY3JlYXRlIjozNjAwMDAwMDAwMDAwLCJkZWxldGUiOjM2MDAwMDAwMDAwMDAsInJlYWQiOjMwMDAwMDAwMDAwMCwidXBkYXRlIjozNjAwMDAwMDAwMDAwfX0=",
          "dependencies": [
            "module.db.azurerm_mssql_server.products_db_server",
            "module.db.azurerm_private_dns_zone.sql_zone",
            "module.resourcegroups.azurerm_resource_group.main-rg",
            "module.subnets.azurerm_subnet.private_endpoints",
            "module.vnets.azurerm_virtual_network.vnet"
          ]
        }
      ]
    },
    {
      "module": "module.nsg",
      "mode": "managed",
      "type": "azurerm_network_security_group",
      "name": "nsg_agw",
      "provider": "provider[\"registry.terraform.io/hashicorp/azurerm\"]",
      "instances": [
        {
          "schema_version": 0,
          "attributes": {
            "id": "/subscriptions/4421688c-0a8d-4588-8dd0-338c5271d0af/resourceGroups/RG-Yazeed-project2/providers/Microsoft.Network/networkSecurityGroups/yazeed-agw-nsg-yazeed",
            "location": "centralindia",
            "name": "yazeed-agw-nsg-yazeed",
            "resource_group_name": "RG-Yazeed-project2",
            "security_rule": [
              {
                "access": "Allow",
                "description": "",
                "destination_address_prefix": "*",
                "destination_address_prefixes": [],
                "destination_application_security_group_ids": [],
                "destination_port_range": "",
                "destination_port_ranges": [
                  "65200-65535"
                ],
                "direction": "Inbound",
                "name": "allow-agw-management",
                "priority": 102,
                "protocol": "*",
                "source_address_prefix": "GatewayManager",
                "source_address_prefixes": [],
                "source_application_security_group_ids": [],
                "source_port_range": "*",
                "source_port_ranges": []
              },
              {
                "access": "Allow",
                "description": "",
                "destination_address_prefix": "VirtualNetwork",
                "destination_address_prefixes": [],
                "destination_application_security_group_ids": [],
                "destination_port_range": "",
                "destination_port_ranges": [
                  "443"
                ],
                "direction": "Inbound",
                "name": "allow-https",
                "priority": 101,
                "protocol": "*",
                "source_address_prefix": "Internet",
                "source_address_prefixes": [],
                "source_application_security_group_ids": [],
                "source_port_range": "*",
                "source_port_ranges": []
              },
              {
                "access": "Allow",
                "description": "",
                "destination_address_prefix": "VirtualNetwork",
                "destination_address_prefixes": [],
                "destination_application_security_group_ids": [],
                "destination_port_range": "",
                "destination_port_ranges": [
                  "80"
                ],
                "direction": "Inbound",
                "name": "allow-http",
                "priority": 100,
                "protocol": "*",
                "source_address_prefix": "Internet",
                "source_address_prefixes": [],
                "source_application_security_group_ids": [],
                "source_port_range": "*",
                "source_port_ranges": []
              }
            ],
            "tags": {},
            "timeouts": null
          },
          "sensitive_attributes": [],
          "identity_schema_version": 0,
          "identity": {
            "name": "yazeed-agw-nsg-yazeed",
            "resource_group_name": "RG-Yazeed-project2",
            "subscription_id": "4421688c-0a8d-4588-8dd0-338c5271d0af"
          },
          "private": "eyJlMmJmYjczMC1lY2FhLTExZTYtOGY4OC0zNDM2M2JjN2M0YzAiOnsiY3JlYXRlIjoxODAwMDAwMDAwMDAwLCJkZWxldGUiOjE4MDAwMDAwMDAwMDAsInJlYWQiOjMwMDAwMDAwMDAwMCwidXBkYXRlIjoxODAwMDAwMDAwMDAwfX0=",
          "dependencies": [
            "module.resourcegroups.azurerm_resource_group.main-rg"
          ]
        }
      ]
    },
    {
      "module": "module.nsg",
      "mode": "managed",
      "type": "azurerm_network_security_group",
      "name": "nsg_be",
      "provider": "provider[\"registry.terraform.io/hashicorp/azurerm\"]",
      "instances": [
        {
          "schema_version": 0,
          "attributes": {
            "id": "/subscriptions/4421688c-0a8d-4588-8dd0-338c5271d0af/resourceGroups/RG-Yazeed-project2/providers/Microsoft.Network/networkSecurityGroups/yazeed-be-nsg-yazeed",
            "location": "centralindia",
            "name": "yazeed-be-nsg-yazeed",
            "resource_group_name": "RG-Yazeed-project2",
            "security_rule": [
              {
                "access": "Allow",
                "description": "",
                "destination_address_prefix": "*",
                "destination_address_prefixes": [],
                "destination_application_security_group_ids": [],
                "destination_port_range": "",
                "destination_port_ranges": [
                  "65200-65535"
                ],
                "direction": "Inbound",
                "name": "allow-agw-management",
                "priority": 103,
                "protocol": "*",
                "source_address_prefix": "GatewayManager",
                "source_address_prefixes": [],
                "source_application_security_group_ids": [],
                "source_port_range": "*",
                "source_port_ranges": []
              },
              {
                "access": "Allow",
                "description": "",
                "destination_address_prefix": "VirtualNetwork",
                "destination_address_prefixes": [],
                "destination_application_security_group_ids": [],
                "destination_port_range": "",
                "destination_port_ranges": [
                  "1433"
                ],
                "direction": "Outbound",
                "name": "allow-db",
                "priority": 106,
                "protocol": "*",
                "source_address_prefix": "",
                "source_address_prefixes": [
                  "10.0.50.0/24",
                  "10.0.8.0/24"
                ],
                "source_application_security_group_ids": [],
                "source_port_range": "*",
                "source_port_ranges": []
              },
              {
                "access": "Allow",
                "description": "",
                "destination_address_prefix": "VirtualNetwork",
                "destination_address_prefixes": [],
                "destination_application_security_group_ids": [],
                "destination_port_range": "",
                "destination_port_ranges": [
                  "443"
                ],
                "direction": "Inbound",
                "name": "allow-https",
                "priority": 101,
                "protocol": "*",
                "source_address_prefix": "",
                "source_address_prefixes": [
                  "10.0.50.0/24",
                  "10.0.8.0/24"
                ],
                "source_application_security_group_ids": [],
                "source_port_range": "*",
                "source_port_ranges": []
              },
              {
                "access": "Allow",
                "description": "",
                "destination_address_prefix": "VirtualNetwork",
                "destination_address_prefixes": [],
                "destination_application_security_group_ids": [],
                "destination_port_range": "",
                "destination_port_ranges": [
                  "80"
                ],
                "direction": "Inbound",
                "name": "allow-fe-port",
                "priority": 104,
                "protocol": "*",
                "source_address_prefix": "",
                "source_address_prefixes": [
                  "10.0.50.0/24",
                  "10.0.8.0/24"
                ],
                "source_application_security_group_ids": [],
                "source_port_range": "*",
                "source_port_ranges": []
              },
              {
                "access": "Allow",
                "description": "",
                "destination_address_prefix": "VirtualNetwork",
                "destination_address_prefixes": [],
                "destination_application_security_group_ids": [],
                "destination_port_range": "",
                "destination_port_ranges": [
                  "80"
                ],
                "direction": "Inbound",
                "name": "allow-http",
                "priority": 100,
                "protocol": "*",
                "source_address_prefix": "",
                "source_address_prefixes": [
                  "10.0.50.0/24",
                  "10.0.8.0/24"
                ],
                "source_application_security_group_ids": [],
                "source_port_range": "*",
                "source_port_ranges": []
              },
              {
                "access": "Allow",
                "description": "",
                "destination_address_prefix": "VirtualNetwork",
                "destination_address_prefixes": [],
                "destination_application_security_group_ids": [],
                "destination_port_range": "",
                "destination_port_ranges": [
                  "8080"
                ],
                "direction": "Inbound",
                "name": "allow-api-port",
                "priority": 102,
                "protocol": "*",
                "source_address_prefix": "",
                "source_address_prefixes": [
                  "10.0.50.0/24",
                  "10.0.8.0/24"
                ],
                "source_application_security_group_ids": [],
                "source_port_range": "*",
                "source_port_ranges": []
              }
            ],
            "tags": {},
            "timeouts": null
          },
          "sensitive_attributes": [],
          "identity_schema_version": 0,
          "identity": {
            "name": "yazeed-be-nsg-yazeed",
            "resource_group_name": "RG-Yazeed-project2",
            "subscription_id": "4421688c-0a8d-4588-8dd0-338c5271d0af"
          },
          "private": "eyJlMmJmYjczMC1lY2FhLTExZTYtOGY4OC0zNDM2M2JjN2M0YzAiOnsiY3JlYXRlIjoxODAwMDAwMDAwMDAwLCJkZWxldGUiOjE4MDAwMDAwMDAwMDAsInJlYWQiOjMwMDAwMDAwMDAwMCwidXBkYXRlIjoxODAwMDAwMDAwMDAwfX0=",
          "dependencies": [
            "module.resourcegroups.azurerm_resource_group.main-rg",
            "module.subnets.azurerm_subnet.agw_subnet",
            "module.subnets.azurerm_subnet.fe_subnet",
            "module.vnets.azurerm_virtual_network.vnet"
          ]
        }
      ]
    },
    {
      "module": "module.nsg",
      "mode": "managed",
      "type": "azurerm_network_security_group",
      "name": "nsg_db",
      "provider": "provider[\"registry.terraform.io/hashicorp/azurerm\"]",
      "instances": [
        {
          "schema_version": 0,
          "attributes": {
            "id": "/subscriptions/4421688c-0a8d-4588-8dd0-338c5271d0af/resourceGroups/RG-Yazeed-project2/providers/Microsoft.Network/networkSecurityGroups/yazeed-db-nsg-yazeed",
            "location": "centralindia",
            "name": "yazeed-db-nsg-yazeed",
            "resource_group_name": "RG-Yazeed-project2",
            "security_rule": [
              {
                "access": "Allow",
                "description": "",
                "destination_address_prefix": "*",
                "destination_address_prefixes": [],
                "destination_application_security_group_ids": [],
                "destination_port_range": "",
                "destination_port_ranges": [
                  "65200-65535"
                ],
                "direction": "Inbound",
                "name": "allow-agw-management",
                "priority": 103,
                "protocol": "*",
                "source_address_prefix": "GatewayManager",
                "source_address_prefixes": [],
                "source_application_security_group_ids": [],
                "source_port_range": "*",
                "source_port_ranges": []
              },
              {
                "access": "Allow",
                "description": "",
                "destination_address_prefix": "VirtualNetwork",
                "destination_address_prefixes": [],
                "destination_application_security_group_ids": [],
                "destination_port_range": "",
                "destination_port_ranges": [
                  "1433"
                ],
                "direction": "Inbound",
                "name": "allow-azure-sql",
                "priority": 100,
                "protocol": "*",
                "source_address_prefix": "",
                "source_address_prefixes": [
                  "10.0.20.0/24"
                ],
                "source_application_security_group_ids": [],
                "source_port_range": "*",
                "source_port_ranges": []
              }
            ],
            "tags": {},
            "timeouts": null
          },
          "sensitive_attributes": [],
          "identity_schema_version": 0,
          "identity": {
            "name": "yazeed-db-nsg-yazeed",
            "resource_group_name": "RG-Yazeed-project2",
            "subscription_id": "4421688c-0a8d-4588-8dd0-338c5271d0af"
          },
          "private": "eyJlMmJmYjczMC1lY2FhLTExZTYtOGY4OC0zNDM2M2JjN2M0YzAiOnsiY3JlYXRlIjoxODAwMDAwMDAwMDAwLCJkZWxldGUiOjE4MDAwMDAwMDAwMDAsInJlYWQiOjMwMDAwMDAwMDAwMCwidXBkYXRlIjoxODAwMDAwMDAwMDAwfX0=",
          "dependencies": [
            "module.resourcegroups.azurerm_resource_group.main-rg",
            "module.subnets.azurerm_subnet.be_subnet",
            "module.vnets.azurerm_virtual_network.vnet"
          ]
        }
      ]
    },
    {
      "module": "module.nsg",
      "mode": "managed",
      "type": "azurerm_network_security_group",
      "name": "nsg_fe",
      "provider": "provider[\"registry.terraform.io/hashicorp/azurerm\"]",
      "instances": [
        {
          "schema_version": 0,
          "attributes": {
            "id": "/subscriptions/4421688c-0a8d-4588-8dd0-338c5271d0af/resourceGroups/RG-Yazeed-project2/providers/Microsoft.Network/networkSecurityGroups/yazeed-fe-nsg-yazeed",
            "location": "centralindia",
            "name": "yazeed-fe-nsg-yazeed",
            "resource_group_name": "RG-Yazeed-project2",
            "security_rule": [
              {
                "access": "Allow",
                "description": "",
                "destination_address_prefix": "*",
                "destination_address_prefixes": [],
                "destination_application_security_group_ids": [],
                "destination_port_range": "",
                "destination_port_ranges": [
                  "65200-65535"
                ],
                "direction": "Inbound",
                "name": "allow-agw-management",
                "priority": 103,
                "protocol": "*",
                "source_address_prefix": "GatewayManager",
                "source_address_prefixes": [],
                "source_application_security_group_ids": [],
                "source_port_range": "*",
                "source_port_ranges": []
              },
              {
                "access": "Allow",
                "description": "",
                "destination_address_prefix": "VirtualNetwork",
                "destination_address_prefixes": [],
                "destination_application_security_group_ids": [],
                "destination_port_range": "",
                "destination_port_ranges": [
                  "443"
                ],
                "direction": "Inbound",
                "name": "allow-https",
                "priority": 101,
                "protocol": "*",
                "source_address_prefix": "",
                "source_address_prefixes": [
                  "10.0.20.0/24",
                  "10.0.50.0/24"
                ],
                "source_application_security_group_ids": [],
                "source_port_range": "*",
                "source_port_ranges": []
              },
              {
                "access": "Allow",
                "description": "",
                "destination_address_prefix": "VirtualNetwork",
                "destination_address_prefixes": [],
                "destination_application_security_group_ids": [],
                "destination_port_range": "",
                "destination_port_ranges": [
                  "80"
                ],
                "direction": "Inbound",
                "name": "allow-http",
                "priority": 100,
                "protocol": "*",
                "source_address_prefix": "",
                "source_address_prefixes": [
                  "10.0.20.0/24",
                  "10.0.50.0/24"
                ],
                "source_application_security_group_ids": [],
                "source_port_range": "*",
                "source_port_ranges": []
              },
              {
                "access": "Allow",
                "description": "",
                "destination_address_prefix": "VirtualNetwork",
                "destination_address_prefixes": [],
                "destination_application_security_group_ids": [],
                "destination_port_range": "",
                "destination_port_ranges": [
                  "8080"
                ],
                "direction": "Inbound",
                "name": "allow-bee-port",
                "priority": 102,
                "protocol": "*",
                "source_address_prefix": "",
                "source_address_prefixes": [
                  "10.0.50.0/24",
                  "10.0.8.0/24"
                ],
                "source_application_security_group_ids": [],
                "source_port_range": "*",
                "source_port_ranges": []
              }
            ],
            "tags": {},
            "timeouts": null
          },
          "sensitive_attributes": [],
          "identity_schema_version": 0,
          "identity": {
            "name": "yazeed-fe-nsg-yazeed",
            "resource_group_name": "RG-Yazeed-project2",
            "subscription_id": "4421688c-0a8d-4588-8dd0-338c5271d0af"
          },
          "private": "eyJlMmJmYjczMC1lY2FhLTExZTYtOGY4OC0zNDM2M2JjN2M0YzAiOnsiY3JlYXRlIjoxODAwMDAwMDAwMDAwLCJkZWxldGUiOjE4MDAwMDAwMDAwMDAsInJlYWQiOjMwMDAwMDAwMDAwMCwidXBkYXRlIjoxODAwMDAwMDAwMDAwfX0=",
          "dependencies": [
            "module.resourcegroups.azurerm_resource_group.main-rg",
            "module.subnets.azurerm_subnet.agw_subnet",
            "module.subnets.azurerm_subnet.be_subnet",
            "module.subnets.azurerm_subnet.fe_subnet",
            "module.vnets.azurerm_virtual_network.vnet"
          ]
        }
      ]
    },
    {
      "module": "module.nsg",
      "mode": "managed",
      "type": "azurerm_subnet_network_security_group_association",
      "name": "agw_assoc",
      "provider": "provider[\"registry.terraform.io/hashicorp/azurerm\"]",
      "instances": [
        {
          "schema_version": 0,
          "attributes": {
            "id": "/subscriptions/4421688c-0a8d-4588-8dd0-338c5271d0af/resourceGroups/RG-Yazeed-project2/providers/Microsoft.Network/virtualNetworks/yazeed-vnet-yazeed/subnets/agw-subnet-public1",
            "network_security_group_id": "/subscriptions/4421688c-0a8d-4588-8dd0-338c5271d0af/resourceGroups/RG-Yazeed-project2/providers/Microsoft.Network/networkSecurityGroups/yazeed-agw-nsg-yazeed",
            "subnet_id": "/subscriptions/4421688c-0a8d-4588-8dd0-338c5271d0af/resourceGroups/RG-Yazeed-project2/providers/Microsoft.Network/virtualNetworks/yazeed-vnet-yazeed/subnets/agw-subnet-public1",
            "timeouts": null
          },
          "sensitive_attributes": [],
          "identity_schema_version": 0,
          "private": "eyJlMmJmYjczMC1lY2FhLTExZTYtOGY4OC0zNDM2M2JjN2M0YzAiOnsiY3JlYXRlIjoxODAwMDAwMDAwMDAwLCJkZWxldGUiOjE4MDAwMDAwMDAwMDAsInJlYWQiOjMwMDAwMDAwMDAwMH19",
          "dependencies": [
            "module.nsg.azurerm_network_security_group.nsg_agw",
            "module.resourcegroups.azurerm_resource_group.main-rg",
            "module.subnets.azurerm_subnet.agw_subnet",
            "module.vnets.azurerm_virtual_network.vnet"
          ]
        }
      ]
    },
    {
      "module": "module.nsg",
      "mode": "managed",
      "type": "azurerm_subnet_network_security_group_association",
      "name": "be_assoc",
      "provider": "provider[\"registry.terraform.io/hashicorp/azurerm\"]",
      "instances": [
        {
          "schema_version": 0,
          "attributes": {
            "id": "/subscriptions/4421688c-0a8d-4588-8dd0-338c5271d0af/resourceGroups/RG-Yazeed-project2/providers/Microsoft.Network/virtualNetworks/yazeed-vnet-yazeed/subnets/be-subnet-private1",
            "network_security_group_id": "/subscriptions/4421688c-0a8d-4588-8dd0-338c5271d0af/resourceGroups/RG-Yazeed-project2/providers/Microsoft.Network/networkSecurityGroups/yazeed-be-nsg-yazeed",
            "subnet_id": "/subscriptions/4421688c-0a8d-4588-8dd0-338c5271d0af/resourceGroups/RG-Yazeed-project2/providers/Microsoft.Network/virtualNetworks/yazeed-vnet-yazeed/subnets/be-subnet-private1",
            "timeouts": null
          },
          "sensitive_attributes": [],
          "identity_schema_version": 0,
          "private": "eyJlMmJmYjczMC1lY2FhLTExZTYtOGY4OC0zNDM2M2JjN2M0YzAiOnsiY3JlYXRlIjoxODAwMDAwMDAwMDAwLCJkZWxldGUiOjE4MDAwMDAwMDAwMDAsInJlYWQiOjMwMDAwMDAwMDAwMH19",
          "dependencies": [
            "module.nsg.azurerm_network_security_group.nsg_be",
            "module.resourcegroups.azurerm_resource_group.main-rg",
            "module.subnets.azurerm_subnet.agw_subnet",
            "module.subnets.azurerm_subnet.be_subnet",
            "module.subnets.azurerm_subnet.fe_subnet",
            "module.vnets.azurerm_virtual_network.vnet"
          ]
        }
      ]
    },
    {
      "module": "module.nsg",
      "mode": "managed",
      "type": "azurerm_subnet_network_security_group_association",
      "name": "db_assoc",
      "provider": "provider[\"registry.terraform.io/hashicorp/azurerm\"]",
      "instances": [
        {
          "schema_version": 0,
          "attributes": {
            "id": "/subscriptions/4421688c-0a8d-4588-8dd0-338c5271d0af/resourceGroups/RG-Yazeed-project2/providers/Microsoft.Network/virtualNetworks/yazeed-vnet-yazeed/subnets/db-subnet-private1",
            "network_security_group_id": "/subscriptions/4421688c-0a8d-4588-8dd0-338c5271d0af/resourceGroups/RG-Yazeed-project2/providers/Microsoft.Network/networkSecurityGroups/yazeed-db-nsg-yazeed",
            "subnet_id": "/subscriptions/4421688c-0a8d-4588-8dd0-338c5271d0af/resourceGroups/RG-Yazeed-project2/providers/Microsoft.Network/virtualNetworks/yazeed-vnet-yazeed/subnets/db-subnet-private1",
            "timeouts": null
          },
          "sensitive_attributes": [],
          "identity_schema_version": 0,
          "private": "eyJlMmJmYjczMC1lY2FhLTExZTYtOGY4OC0zNDM2M2JjN2M0YzAiOnsiY3JlYXRlIjoxODAwMDAwMDAwMDAwLCJkZWxldGUiOjE4MDAwMDAwMDAwMDAsInJlYWQiOjMwMDAwMDAwMDAwMH19",
          "dependencies": [
            "module.nsg.azurerm_network_security_group.nsg_db",
            "module.resourcegroups.azurerm_resource_group.main-rg",
            "module.subnets.azurerm_subnet.be_subnet",
            "module.subnets.azurerm_subnet.db_subnet",
            "module.vnets.azurerm_virtual_network.vnet"
          ]
        }
      ]
    },
    {
      "module": "module.nsg",
      "mode": "managed",
      "type": "azurerm_subnet_network_security_group_association",
      "name": "fe_assoc",
      "provider": "provider[\"registry.terraform.io/hashicorp/azurerm\"]",
      "instances": [
        {
          "schema_version": 0,
          "attributes": {
            "id": "/subscriptions/4421688c-0a8d-4588-8dd0-338c5271d0af/resourceGroups/RG-Yazeed-project2/providers/Microsoft.Network/virtualNetworks/yazeed-vnet-yazeed/subnets/fe-subnet-private1",
            "network_security_group_id": "/subscriptions/4421688c-0a8d-4588-8dd0-338c5271d0af/resourceGroups/RG-Yazeed-project2/providers/Microsoft.Network/networkSecurityGroups/yazeed-fe-nsg-yazeed",
            "subnet_id": "/subscriptions/4421688c-0a8d-4588-8dd0-338c5271d0af/resourceGroups/RG-Yazeed-project2/providers/Microsoft.Network/virtualNetworks/yazeed-vnet-yazeed/subnets/fe-subnet-private1",
            "timeouts": null
          },
          "sensitive_attributes": [],
          "identity_schema_version": 0,
          "private": "eyJlMmJmYjczMC1lY2FhLTExZTYtOGY4OC0zNDM2M2JjN2M0YzAiOnsiY3JlYXRlIjoxODAwMDAwMDAwMDAwLCJkZWxldGUiOjE4MDAwMDAwMDAwMDAsInJlYWQiOjMwMDAwMDAwMDAwMH19",
          "dependencies": [
            "module.nsg.azurerm_network_security_group.nsg_fe",
            "module.resourcegroups.azurerm_resource_group.main-rg",
            "module.subnets.azurerm_subnet.agw_subnet",
            "module.subnets.azurerm_subnet.be_subnet",
            "module.subnets.azurerm_subnet.fe_subnet",
            "module.vnets.azurerm_virtual_network.vnet"
          ]
        }
      ]
    },
    {
      "module": "module.resourcegroups",
      "mode": "managed",
      "type": "azurerm_resource_group",
      "name": "main-rg",
      "provider": "provider[\"registry.terraform.io/hashicorp/azurerm\"]",
      "instances": [
        {
          "schema_version": 0,
          "attributes": {
            "id": "/subscriptions/4421688c-0a8d-4588-8dd0-338c5271d0af/resourceGroups/RG-Yazeed-project2",
            "location": "centralindia",
            "managed_by": "",
            "name": "RG-Yazeed-project2",
            "tags": {
              "provisioner": "yazeed-terraform"
            },
            "timeouts": null
          },
          "sensitive_attributes": [],
          "identity_schema_version": 0,
          "private": "eyJlMmJmYjczMC1lY2FhLTExZTYtOGY4OC0zNDM2M2JjN2M0YzAiOnsiY3JlYXRlIjo1NDAwMDAwMDAwMDAwLCJkZWxldGUiOjU0MDAwMDAwMDAwMDAsInJlYWQiOjMwMDAwMDAwMDAwMCwidXBkYXRlIjo1NDAwMDAwMDAwMDAwfX0="
        }
      ]
    },
    {
      "module": "module.subnets",
      "mode": "managed",
      "type": "azurerm_subnet",
      "name": "agw_subnet",
      "provider": "provider[\"registry.terraform.io/hashicorp/azurerm\"]",
      "instances": [
        {
          "schema_version": 0,
          "attributes": {
            "address_prefixes": [
              "10.0.50.0/24"
            ],
            "default_outbound_access_enabled": true,
            "delegation": [],
            "id": "/subscriptions/4421688c-0a8d-4588-8dd0-338c5271d0af/resourceGroups/RG-Yazeed-project2/providers/Microsoft.Network/virtualNetworks/yazeed-vnet-yazeed/subnets/agw-subnet-public1",
            "ip_address_pool": [],
            "name": "agw-subnet-public1",
            "private_endpoint_network_policies": "Disabled",
            "private_link_service_network_policies_enabled": true,
            "resource_group_name": "RG-Yazeed-project2",
            "service_endpoint_policy_ids": [],
            "service_endpoints": [
              "Microsoft.Web"
            ],
            "timeouts": null,
            "virtual_network_name": "yazeed-vnet-yazeed"
          },
          "sensitive_attributes": [],
          "identity_schema_version": 0,
          "identity": {
            "name": "agw-subnet-public1",
            "resource_group_name": "RG-Yazeed-project2",
            "subscription_id": "4421688c-0a8d-4588-8dd0-338c5271d0af",
            "virtual_network_name": "yazeed-vnet-yazeed"
          },
          "private": "eyJlMmJmYjczMC1lY2FhLTExZTYtOGY4OC0zNDM2M2JjN2M0YzAiOnsiY3JlYXRlIjoxODAwMDAwMDAwMDAwLCJkZWxldGUiOjE4MDAwMDAwMDAwMDAsInJlYWQiOjMwMDAwMDAwMDAwMCwidXBkYXRlIjoxODAwMDAwMDAwMDAwfX0=",
          "dependencies": [
            "module.resourcegroups.azurerm_resource_group.main-rg",
            "module.vnets.azurerm_virtual_network.vnet"
          ]
        }
      ]
    },
    {
      "module": "module.subnets",
      "mode": "managed",
      "type": "azurerm_subnet",
      "name": "be_subnet",
      "provider": "provider[\"registry.terraform.io/hashicorp/azurerm\"]",
      "instances": [
        {
          "schema_version": 0,
          "attributes": {
            "address_prefixes": [
              "10.0.20.0/24"
            ],
            "default_outbound_access_enabled": true,
            "delegation": [
              {
                "name": "Microsoft.Web.serverFarms",
                "service_delegation": [
                  {
                    "actions": [
                      "Microsoft.Network/virtualNetworks/subnets/action"
                    ],
                    "name": "Microsoft.Web/serverFarms"
                  }
                ]
              }
            ],
            "id": "/subscriptions/4421688c-0a8d-4588-8dd0-338c5271d0af/resourceGroups/RG-Yazeed-project2/providers/Microsoft.Network/virtualNetworks/yazeed-vnet-yazeed/subnets/be-subnet-private1",
            "ip_address_pool": [],
            "name": "be-subnet-private1",
            "private_endpoint_network_policies": "Disabled",
            "private_link_service_network_policies_enabled": true,
            "resource_group_name": "RG-Yazeed-project2",
            "service_endpoint_policy_ids": [],
            "service_endpoints": [
              "Microsoft.Sql",
              "Microsoft.Web"
            ],
            "timeouts": null,
            "virtual_network_name": "yazeed-vnet-yazeed"
          },
          "sensitive_attributes": [],
          "identity_schema_version": 0,
          "identity": {
            "name": "be-subnet-private1",
            "resource_group_name": "RG-Yazeed-project2",
            "subscription_id": "4421688c-0a8d-4588-8dd0-338c5271d0af",
            "virtual_network_name": "yazeed-vnet-yazeed"
          },
          "private": "eyJlMmJmYjczMC1lY2FhLTExZTYtOGY4OC0zNDM2M2JjN2M0YzAiOnsiY3JlYXRlIjoxODAwMDAwMDAwMDAwLCJkZWxldGUiOjE4MDAwMDAwMDAwMDAsInJlYWQiOjMwMDAwMDAwMDAwMCwidXBkYXRlIjoxODAwMDAwMDAwMDAwfX0=",
          "dependencies": [
            "module.resourcegroups.azurerm_resource_group.main-rg",
            "module.vnets.azurerm_virtual_network.vnet"
          ]
        }
      ]
    },
    {
      "module": "module.subnets",
      "mode": "managed",
      "type": "azurerm_subnet",
      "name": "db_subnet",
      "provider": "provider[\"registry.terraform.io/hashicorp/azurerm\"]",
      "instances": [
        {
          "schema_version": 0,
          "attributes": {
            "address_prefixes": [
              "10.0.2.0/24"
            ],
            "default_outbound_access_enabled": true,
            "delegation": [],
            "id": "/subscriptions/4421688c-0a8d-4588-8dd0-338c5271d0af/resourceGroups/RG-Yazeed-project2/providers/Microsoft.Network/virtualNetworks/yazeed-vnet-yazeed/subnets/db-subnet-private1",
            "ip_address_pool": [],
            "name": "db-subnet-private1",
            "private_endpoint_network_policies": "Disabled",
            "private_link_service_network_policies_enabled": true,
            "resource_group_name": "RG-Yazeed-project2",
            "service_endpoint_policy_ids": [],
            "service_endpoints": [
              "Microsoft.Sql"
            ],
            "timeouts": null,
            "virtual_network_name": "yazeed-vnet-yazeed"
          },
          "sensitive_attributes": [],
          "identity_schema_version": 0,
          "identity": {
            "name": "db-subnet-private1",
            "resource_group_name": "RG-Yazeed-project2",
            "subscription_id": "4421688c-0a8d-4588-8dd0-338c5271d0af",
            "virtual_network_name": "yazeed-vnet-yazeed"
          },
          "private": "eyJlMmJmYjczMC1lY2FhLTExZTYtOGY4OC0zNDM2M2JjN2M0YzAiOnsiY3JlYXRlIjoxODAwMDAwMDAwMDAwLCJkZWxldGUiOjE4MDAwMDAwMDAwMDAsInJlYWQiOjMwMDAwMDAwMDAwMCwidXBkYXRlIjoxODAwMDAwMDAwMDAwfX0=",
          "dependencies": [
            "module.resourcegroups.azurerm_resource_group.main-rg",
            "module.vnets.azurerm_virtual_network.vnet"
          ]
        }
      ]
    },
    {
      "module": "module.subnets",
      "mode": "managed",
      "type": "azurerm_subnet",
      "name": "fe_subnet",
      "provider": "provider[\"registry.terraform.io/hashicorp/azurerm\"]",
      "instances": [
        {
          "schema_version": 0,
          "attributes": {
            "address_prefixes": [
              "10.0.8.0/24"
            ],
            "default_outbound_access_enabled": true,
            "delegation": [
              {
                "name": "Microsoft.Web.serverFarms",
                "service_delegation": [
                  {
                    "actions": [
                      "Microsoft.Network/virtualNetworks/subnets/action"
                    ],
                    "name": "Microsoft.Web/serverFarms"
                  }
                ]
              }
            ],
            "id": "/subscriptions/4421688c-0a8d-4588-8dd0-338c5271d0af/resourceGroups/RG-Yazeed-project2/providers/Microsoft.Network/virtualNetworks/yazeed-vnet-yazeed/subnets/fe-subnet-private1",
            "ip_address_pool": [],
            "name": "fe-subnet-private1",
            "private_endpoint_network_policies": "Disabled",
            "private_link_service_network_policies_enabled": true,
            "resource_group_name": "RG-Yazeed-project2",
            "service_endpoint_policy_ids": [],
            "service_endpoints": [
              "Microsoft.Web"
            ],
            "timeouts": null,
            "virtual_network_name": "yazeed-vnet-yazeed"
          },
          "sensitive_attributes": [],
          "identity_schema_version": 0,
          "identity": {
            "name": "fe-subnet-private1",
            "resource_group_name": "RG-Yazeed-project2",
            "subscription_id": "4421688c-0a8d-4588-8dd0-338c5271d0af",
            "virtual_network_name": "yazeed-vnet-yazeed"
          },
          "private": "eyJlMmJmYjczMC1lY2FhLTExZTYtOGY4OC0zNDM2M2JjN2M0YzAiOnsiY3JlYXRlIjoxODAwMDAwMDAwMDAwLCJkZWxldGUiOjE4MDAwMDAwMDAwMDAsInJlYWQiOjMwMDAwMDAwMDAwMCwidXBkYXRlIjoxODAwMDAwMDAwMDAwfX0=",
          "dependencies": [
            "module.resourcegroups.azurerm_resource_group.main-rg",
            "module.vnets.azurerm_virtual_network.vnet"
          ]
        }
      ]
    },
    {
      "module": "module.subnets",
      "mode": "managed",
      "type": "azurerm_subnet",
      "name": "private_endpoints",
      "provider": "provider[\"registry.terraform.io/hashicorp/azurerm\"]",
      "instances": [
        {
          "schema_version": 0,
          "attributes": {
            "address_prefixes": [
              "10.0.1.0/24"
            ],
            "default_outbound_access_enabled": true,
            "delegation": [],
            "id": "/subscriptions/4421688c-0a8d-4588-8dd0-338c5271d0af/resourceGroups/RG-Yazeed-project2/providers/Microsoft.Network/virtualNetworks/yazeed-vnet-yazeed/subnets/pe-subnet-private1",
            "ip_address_pool": [],
            "name": "pe-subnet-private1",
            "private_endpoint_network_policies": "Enabled",
            "private_link_service_network_policies_enabled": true,
            "resource_group_name": "RG-Yazeed-project2",
            "service_endpoint_policy_ids": [],
            "service_endpoints": [
              "Microsoft.Web"
            ],
            "timeouts": null,
            "virtual_network_name": "yazeed-vnet-yazeed"
          },
          "sensitive_attributes": [],
          "identity_schema_version": 0,
          "identity": {
            "name": "pe-subnet-private1",
            "resource_group_name": "RG-Yazeed-project2",
            "subscription_id": "4421688c-0a8d-4588-8dd0-338c5271d0af",
            "virtual_network_name": "yazeed-vnet-yazeed"
          },
          "private": "eyJlMmJmYjczMC1lY2FhLTExZTYtOGY4OC0zNDM2M2JjN2M0YzAiOnsiY3JlYXRlIjoxODAwMDAwMDAwMDAwLCJkZWxldGUiOjE4MDAwMDAwMDAwMDAsInJlYWQiOjMwMDAwMDAwMDAwMCwidXBkYXRlIjoxODAwMDAwMDAwMDAwfX0=",
          "dependencies": [
            "module.resourcegroups.azurerm_resource_group.main-rg",
            "module.vnets.azurerm_virtual_network.vnet"
          ]
        }
      ]
    },
    {
      "module": "module.vnets",
      "mode": "managed",
      "type": "azurerm_virtual_network",
      "name": "vnet",
      "provider": "provider[\"registry.terraform.io/hashicorp/azurerm\"]",
      "instances": [
        {
          "schema_version": 0,
          "attributes": {
            "address_space": [
              "10.0.0.0/16"
            ],
            "bgp_community": "",
            "ddos_protection_plan": [],
            "dns_servers": [],
            "edge_zone": "",
            "encryption": [],
            "flow_timeout_in_minutes": 0,
            "guid": "e08ec211-a691-405c-bca7-0e1250395392",
            "id": "/subscriptions/4421688c-0a8d-4588-8dd0-338c5271d0af/resourceGroups/RG-Yazeed-project2/providers/Microsoft.Network/virtualNetworks/yazeed-vnet-yazeed",
            "ip_address_pool": [],
            "location": "centralindia",
            "name": "yazeed-vnet-yazeed",
            "private_endpoint_vnet_policies": "Disabled",
            "resource_group_name": "RG-Yazeed-project2",
            "subnet": [
              {
                "address_prefixes": [
                  "10.0.1.0/24"
                ],
                "default_outbound_access_enabled": true,
                "delegation": [],
                "id": "/subscriptions/4421688c-0a8d-4588-8dd0-338c5271d0af/resourceGroups/RG-Yazeed-project2/providers/Microsoft.Network/virtualNetworks/yazeed-vnet-yazeed/subnets/pe-subnet-private1",
                "name": "pe-subnet-private1",
                "private_endpoint_network_policies": "Enabled",
                "private_link_service_network_policies_enabled": true,
                "route_table_id": "",
                "security_group": "",
                "service_endpoint_policy_ids": [],
                "service_endpoints": [
                  "Microsoft.Web"
                ]
              },
              {
                "address_prefixes": [
                  "10.0.2.0/24"
                ],
                "default_outbound_access_enabled": true,
                "delegation": [],
                "id": "/subscriptions/4421688c-0a8d-4588-8dd0-338c5271d0af/resourceGroups/RG-Yazeed-project2/providers/Microsoft.Network/virtualNetworks/yazeed-vnet-yazeed/subnets/db-subnet-private1",
                "name": "db-subnet-private1",
                "private_endpoint_network_policies": "Disabled",
                "private_link_service_network_policies_enabled": true,
                "route_table_id": "",
                "security_group": "/subscriptions/4421688c-0a8d-4588-8dd0-338c5271d0af/resourceGroups/RG-Yazeed-project2/providers/Microsoft.Network/networkSecurityGroups/yazeed-db-nsg-yazeed",
                "service_endpoint_policy_ids": [],
                "service_endpoints": [
                  "Microsoft.Sql"
                ]
              },
              {
                "address_prefixes": [
                  "10.0.20.0/24"
                ],
                "default_outbound_access_enabled": true,
                "delegation": [
                  {
                    "name": "Microsoft.Web.serverFarms",
                    "service_delegation": [
                      {
                        "actions": [
                          "Microsoft.Network/virtualNetworks/subnets/action"
                        ],
                        "name": "Microsoft.Web/serverFarms"
                      }
                    ]
                  }
                ],
                "id": "/subscriptions/4421688c-0a8d-4588-8dd0-338c5271d0af/resourceGroups/RG-Yazeed-project2/providers/Microsoft.Network/virtualNetworks/yazeed-vnet-yazeed/subnets/be-subnet-private1",
                "name": "be-subnet-private1",
                "private_endpoint_network_policies": "Disabled",
                "private_link_service_network_policies_enabled": true,
                "route_table_id": "",
                "security_group": "/subscriptions/4421688c-0a8d-4588-8dd0-338c5271d0af/resourceGroups/RG-Yazeed-project2/providers/Microsoft.Network/networkSecurityGroups/yazeed-be-nsg-yazeed",
                "service_endpoint_policy_ids": [],
                "service_endpoints": [
                  "Microsoft.Sql",
                  "Microsoft.Web"
                ]
              },
              {
                "address_prefixes": [
                  "10.0.50.0/24"
                ],
                "default_outbound_access_enabled": true,
                "delegation": [],
                "id": "/subscriptions/4421688c-0a8d-4588-8dd0-338c5271d0af/resourceGroups/RG-Yazeed-project2/providers/Microsoft.Network/virtualNetworks/yazeed-vnet-yazeed/subnets/agw-subnet-public1",
                "name": "agw-subnet-public1",
                "private_endpoint_network_policies": "Disabled",
                "private_link_service_network_policies_enabled": true,
                "route_table_id": "",
                "security_group": "/subscriptions/4421688c-0a8d-4588-8dd0-338c5271d0af/resourceGroups/RG-Yazeed-project2/providers/Microsoft.Network/networkSecurityGroups/yazeed-agw-nsg-yazeed",
                "service_endpoint_policy_ids": [],
                "service_endpoints": [
                  "Microsoft.Web"
                ]
              },
              {
                "address_prefixes": [
                  "10.0.8.0/24"
                ],
                "default_outbound_access_enabled": true,
                "delegation": [
                  {
                    "name": "Microsoft.Web.serverFarms",
                    "service_delegation": [
                      {
                        "actions": [
                          "Microsoft.Network/virtualNetworks/subnets/action"
                        ],
                        "name": "Microsoft.Web/serverFarms"
                      }
                    ]
                  }
                ],
                "id": "/subscriptions/4421688c-0a8d-4588-8dd0-338c5271d0af/resourceGroups/RG-Yazeed-project2/providers/Microsoft.Network/virtualNetworks/yazeed-vnet-yazeed/subnets/fe-subnet-private1",
                "name": "fe-subnet-private1",
                "private_endpoint_network_policies": "Disabled",
                "private_link_service_network_policies_enabled": true,
                "route_table_id": "",
                "security_group": "/subscriptions/4421688c-0a8d-4588-8dd0-338c5271d0af/resourceGroups/RG-Yazeed-project2/providers/Microsoft.Network/networkSecurityGroups/yazeed-fe-nsg-yazeed",
                "service_endpoint_policy_ids": [],
                "service_endpoints": [
                  "Microsoft.Web"
                ]
              }
            ],
            "tags": {},
            "timeouts": null
          },
          "sensitive_attributes": [],
          "identity_schema_version": 0,
          "identity": {
            "name": "yazeed-vnet-yazeed",
            "resource_group_name": "RG-Yazeed-project2",
            "subscription_id": "4421688c-0a8d-4588-8dd0-338c5271d0af"
          },
          "private": "eyJlMmJmYjczMC1lY2FhLTExZTYtOGY4OC0zNDM2M2JjN2M0YzAiOnsiY3JlYXRlIjoxODAwMDAwMDAwMDAwLCJkZWxldGUiOjE4MDAwMDAwMDAwMDAsInJlYWQiOjMwMDAwMDAwMDAwMCwidXBkYXRlIjoxODAwMDAwMDAwMDAwfX0=",
          "dependencies": [
            "module.resourcegroups.azurerm_resource_group.main-rg"
          ]
        }
      ]
    }
  ],
  "check_results": null
}
